// !$*UTF8*$!
{
	archiveVersion = 1;
	classes = {
	};
	objectVersion = 55;
	objects = {

/* Begin PBXBuildFile section */
		7DF73E53273AE42000284C37 /* AppDelegate.swift in Sources */ = {isa = PBXBuildFile; fileRef = 7DF73E52273AE42000284C37 /* AppDelegate.swift */; };
		7DF73E55273AE42000284C37 /* SceneDelegate.swift in Sources */ = {isa = PBXBuildFile; fileRef = 7DF73E54273AE42000284C37 /* SceneDelegate.swift */; };
		7DF73E57273AE42000284C37 /* ViewController.swift in Sources */ = {isa = PBXBuildFile; fileRef = 7DF73E56273AE42000284C37 /* ViewController.swift */; };
		7DF73E5A273AE42000284C37 /* Main.storyboard in Resources */ = {isa = PBXBuildFile; fileRef = 7DF73E58273AE42000284C37 /* Main.storyboard */; };
		7DF73E5C273AE42200284C37 /* Assets.xcassets in Resources */ = {isa = PBXBuildFile; fileRef = 7DF73E5B273AE42200284C37 /* Assets.xcassets */; };
		7DF73E5F273AE42200284C37 /* LaunchScreen.storyboard in Resources */ = {isa = PBXBuildFile; fileRef = 7DF73E5D273AE42200284C37 /* LaunchScreen.storyboard */; };
		7DF73E6A273AE42200284C37 /* ContestTests.swift in Sources */ = {isa = PBXBuildFile; fileRef = 7DF73E69273AE42200284C37 /* ContestTests.swift */; };
		7DF73E74273AE42200284C37 /* ContestUITests.swift in Sources */ = {isa = PBXBuildFile; fileRef = 7DF73E73273AE42200284C37 /* ContestUITests.swift */; };
		7DF73E76273AE42200284C37 /* ContestUITestsLaunchTests.swift in Sources */ = {isa = PBXBuildFile; fileRef = 7DF73E75273AE42200284C37 /* ContestUITestsLaunchTests.swift */; };
/* End PBXBuildFile section */

/* Begin PBXContainerItemProxy section */
		7DF73E66273AE42200284C37 /* PBXContainerItemProxy */ = {
			isa = PBXContainerItemProxy;
			containerPortal = 7DF73E47273AE42000284C37 /* Project object */;
			proxyType = 1;
			remoteGlobalIDString = 7DF73E4E273AE42000284C37;
			remoteInfo = Contest;
		};
		7DF73E70273AE42200284C37 /* PBXContainerItemProxy */ = {
			isa = PBXContainerItemProxy;
			containerPortal = 7DF73E47273AE42000284C37 /* Project object */;
			proxyType = 1;
			remoteGlobalIDString = 7DF73E4E273AE42000284C37;
			remoteInfo = Contest;
		};
/* End PBXContainerItemProxy section */

/* Begin PBXFileReference section */
		7DF73E4F273AE42000284C37 /* Contest.app */ = {isa = PBXFileReference; explicitFileType = wrapper.application; includeInIndex = 0; path = Contest.app; sourceTree = BUILT_PRODUCTS_DIR; };
		7DF73E52273AE42000284C37 /* AppDelegate.swift */ = {isa = PBXFileReference; lastKnownFileType = sourcecode.swift; path = AppDelegate.swift; sourceTree = "<group>"; };
		7DF73E54273AE42000284C37 /* SceneDelegate.swift */ = {isa = PBXFileReference; lastKnownFileType = sourcecode.swift; path = SceneDelegate.swift; sourceTree = "<group>"; };
		7DF73E56273AE42000284C37 /* ViewController.swift */ = {isa = PBXFileReference; lastKnownFileType = sourcecode.swift; path = ViewController.swift; sourceTree = "<group>"; };
		7DF73E59273AE42000284C37 /* Base */ = {isa = PBXFileReference; lastKnownFileType = file.storyboard; name = Base; path = Base.lproj/Main.storyboard; sourceTree = "<group>"; };
		7DF73E5B273AE42200284C37 /* Assets.xcassets */ = {isa = PBXFileReference; lastKnownFileType = folder.assetcatalog; path = Assets.xcassets; sourceTree = "<group>"; };
		7DF73E5E273AE42200284C37 /* Base */ = {isa = PBXFileReference; lastKnownFileType = file.storyboard; name = Base; path = Base.lproj/LaunchScreen.storyboard; sourceTree = "<group>"; };
		7DF73E60273AE42200284C37 /* Info.plist */ = {isa = PBXFileReference; lastKnownFileType = text.plist.xml; path = Info.plist; sourceTree = "<group>"; };
		7DF73E65273AE42200284C37 /* ContestTests.xctest */ = {isa = PBXFileReference; explicitFileType = wrapper.cfbundle; includeInIndex = 0; path = ContestTests.xctest; sourceTree = BUILT_PRODUCTS_DIR; };
		7DF73E69273AE42200284C37 /* ContestTests.swift */ = {isa = PBXFileReference; lastKnownFileType = sourcecode.swift; path = ContestTests.swift; sourceTree = "<group>"; };
		7DF73E6F273AE42200284C37 /* ContestUITests.xctest */ = {isa = PBXFileReference; explicitFileType = wrapper.cfbundle; includeInIndex = 0; path = ContestUITests.xctest; sourceTree = BUILT_PRODUCTS_DIR; };
		7DF73E73273AE42200284C37 /* ContestUITests.swift */ = {isa = PBXFileReference; lastKnownFileType = sourcecode.swift; path = ContestUITests.swift; sourceTree = "<group>"; };
		7DF73E75273AE42200284C37 /* ContestUITestsLaunchTests.swift */ = {isa = PBXFileReference; lastKnownFileType = sourcecode.swift; path = ContestUITestsLaunchTests.swift; sourceTree = "<group>"; };
/* End PBXFileReference section */

/* Begin PBXFrameworksBuildPhase section */
		7DF73E4C273AE42000284C37 /* Frameworks */ = {
			isa = PBXFrameworksBuildPhase;
			buildActionMask = 2147483647;
			files = (
			);
			runOnlyForDeploymentPostprocessing = 0;
		};
		7DF73E62273AE42200284C37 /* Frameworks */ = {
			isa = PBXFrameworksBuildPhase;
			buildActionMask = 2147483647;
			files = (
			);
			runOnlyForDeploymentPostprocessing = 0;
		};
		7DF73E6C273AE42200284C37 /* Frameworks */ = {
			isa = PBXFrameworksBuildPhase;
			buildActionMask = 2147483647;
			files = (
			);
			runOnlyForDeploymentPostprocessing = 0;
		};
/* End PBXFrameworksBuildPhase section */

/* Begin PBXGroup section */
		7DF73E46273AE42000284C37 = {
			isa = PBXGroup;
			children = (
				7DF73E51273AE42000284C37 /* Contest */,
				7DF73E68273AE42200284C37 /* ContestTests */,
				7DF73E72273AE42200284C37 /* ContestUITests */,
				7DF73E50273AE42000284C37 /* Products */,
			);
			sourceTree = "<group>";
		};
		7DF73E50273AE42000284C37 /* Products */ = {
			isa = PBXGroup;
			children = (
				7DF73E4F273AE42000284C37 /* Contest.app */,
				7DF73E65273AE42200284C37 /* ContestTests.xctest */,
				7DF73E6F273AE42200284C37 /* ContestUITests.xctest */,
			);
			name = Products;
			sourceTree = "<group>";
		};
		7DF73E51273AE42000284C37 /* Contest */ = {
			isa = PBXGroup;
			children = (
				7DF73E52273AE42000284C37 /* AppDelegate.swift */,
				7DF73E54273AE42000284C37 /* SceneDelegate.swift */,
				7DF73E56273AE42000284C37 /* ViewController.swift */,
				7DF73E58273AE42000284C37 /* Main.storyboard */,
				7DF73E5B273AE42200284C37 /* Assets.xcassets */,
				7DF73E5D273AE42200284C37 /* LaunchScreen.storyboard */,
				7DF73E60273AE42200284C37 /* Info.plist */,
			);
			path = Contest;
			sourceTree = "<group>";
		};
		7DF73E68273AE42200284C37 /* ContestTests */ = {
			isa = PBXGroup;
			children = (
				7DF73E69273AE42200284C37 /* ContestTests.swift */,
			);
			path = ContestTests;
			sourceTree = "<group>";
		};
		7DF73E72273AE42200284C37 /* ContestUITests */ = {
			isa = PBXGroup;
			children = (
				7DF73E73273AE42200284C37 /* ContestUITests.swift */,
				7DF73E75273AE42200284C37 /* ContestUITestsLaunchTests.swift */,
			);
			path = ContestUITests;
			sourceTree = "<group>";
		};
/* End PBXGroup section */

/* Begin PBXNativeTarget section */
		7DF73E4E273AE42000284C37 /* Contest */ = {
			isa = PBXNativeTarget;
			buildConfigurationList = 7DF73E79273AE42200284C37 /* Build configuration list for PBXNativeTarget "Contest" */;
			buildPhases = (
				7DF73E4B273AE42000284C37 /* Sources */,
				7DF73E4C273AE42000284C37 /* Frameworks */,
				7DF73E4D273AE42000284C37 /* Resources */,
			);
			buildRules = (
			);
			dependencies = (
			);
			name = Contest;
			productName = Contest;
			productReference = 7DF73E4F273AE42000284C37 /* Contest.app */;
			productType = "com.apple.product-type.application";
		};
		7DF73E64273AE42200284C37 /* ContestTests */ = {
			isa = PBXNativeTarget;
			buildConfigurationList = 7DF73E7C273AE42200284C37 /* Build configuration list for PBXNativeTarget "ContestTests" */;
			buildPhases = (
				7DF73E61273AE42200284C37 /* Sources */,
				7DF73E62273AE42200284C37 /* Frameworks */,
				7DF73E63273AE42200284C37 /* Resources */,
			);
			buildRules = (
			);
			dependencies = (
				7DF73E67273AE42200284C37 /* PBXTargetDependency */,
			);
			name = ContestTests;
			productName = ContestTests;
			productReference = 7DF73E65273AE42200284C37 /* ContestTests.xctest */;
			productType = "com.apple.product-type.bundle.unit-test";
		};
		7DF73E6E273AE42200284C37 /* ContestUITests */ = {
			isa = PBXNativeTarget;
			buildConfigurationList = 7DF73E7F273AE42200284C37 /* Build configuration list for PBXNativeTarget "ContestUITests" */;
			buildPhases = (
				7DF73E6B273AE42200284C37 /* Sources */,
				7DF73E6C273AE42200284C37 /* Frameworks */,
				7DF73E6D273AE42200284C37 /* Resources */,
			);
			buildRules = (
			);
			dependencies = (
				7DF73E71273AE42200284C37 /* PBXTargetDependency */,
			);
			name = ContestUITests;
			productName = ContestUITests;
			productReference = 7DF73E6F273AE42200284C37 /* ContestUITests.xctest */;
			productType = "com.apple.product-type.bundle.ui-testing";
		};
/* End PBXNativeTarget section */

/* Begin PBXProject section */
		7DF73E47273AE42000284C37 /* Project object */ = {
			isa = PBXProject;
			attributes = {
				BuildIndependentTargetsInParallel = 1;
				LastSwiftUpdateCheck = 1310;
				LastUpgradeCheck = 1310;
				TargetAttributes = {
					7DF73E4E273AE42000284C37 = {
						CreatedOnToolsVersion = 13.1;
					};
					7DF73E64273AE42200284C37 = {
						CreatedOnToolsVersion = 13.1;
						TestTargetID = 7DF73E4E273AE42000284C37;
					};
					7DF73E6E273AE42200284C37 = {
						CreatedOnToolsVersion = 13.1;
						TestTargetID = 7DF73E4E273AE42000284C37;
					};
				};
			};
			buildConfigurationList = 7DF73E4A273AE42000284C37 /* Build configuration list for PBXProject "Contest" */;
			compatibilityVersion = "Xcode 13.0";
			developmentRegion = en;
			hasScannedForEncodings = 0;
			knownRegions = (
				en,
				Base,
			);
			mainGroup = 7DF73E46273AE42000284C37;
			productRefGroup = 7DF73E50273AE42000284C37 /* Products */;
			projectDirPath = "";
			projectRoot = "";
			targets = (
				7DF73E4E273AE42000284C37 /* Contest */,
				7DF73E64273AE42200284C37 /* ContestTests */,
				7DF73E6E273AE42200284C37 /* ContestUITests */,
			);
		};
/* End PBXProject section */

/* Begin PBXResourcesBuildPhase section */
		7DF73E4D273AE42000284C37 /* Resources */ = {
			isa = PBXResourcesBuildPhase;
			buildActionMask = 2147483647;
			files = (
				7DF73E5F273AE42200284C37 /* LaunchScreen.storyboard in Resources */,
				7DF73E5C273AE42200284C37 /* Assets.xcassets in Resources */,
				7DF73E5A273AE42000284C37 /* Main.storyboard in Resources */,
			);
			runOnlyForDeploymentPostprocessing = 0;
		};
		7DF73E63273AE42200284C37 /* Resources */ = {
			isa = PBXResourcesBuildPhase;
			buildActionMask = 2147483647;
			files = (
			);
			runOnlyForDeploymentPostprocessing = 0;
		};
		7DF73E6D273AE42200284C37 /* Resources */ = {
			isa = PBXResourcesBuildPhase;
			buildActionMask = 2147483647;
			files = (
			);
			runOnlyForDeploymentPostprocessing = 0;
		};
/* End PBXResourcesBuildPhase section */

/* Begin PBXSourcesBuildPhase section */
		7DF73E4B273AE42000284C37 /* Sources */ = {
			isa = PBXSourcesBuildPhase;
			buildActionMask = 2147483647;
			files = (
				7DF73E57273AE42000284C37 /* ViewController.swift in Sources */,
				7DF73E53273AE42000284C37 /* AppDelegate.swift in Sources */,
				7DF73E55273AE42000284C37 /* SceneDelegate.swift in Sources */,
			);
			runOnlyForDeploymentPostprocessing = 0;
		};
		7DF73E61273AE42200284C37 /* Sources */ = {
			isa = PBXSourcesBuildPhase;
			buildActionMask = 2147483647;
			files = (
				7DF73E6A273AE42200284C37 /* ContestTests.swift in Sources */,
			);
			runOnlyForDeploymentPostprocessing = 0;
		};
		7DF73E6B273AE42200284C37 /* Sources */ = {
			isa = PBXSourcesBuildPhase;
			buildActionMask = 2147483647;
			files = (
				7DF73E74273AE42200284C37 /* ContestUITests.swift in Sources */,
				7DF73E76273AE42200284C37 /* ContestUITestsLaunchTests.swift in Sources */,
			);
			runOnlyForDeploymentPostprocessing = 0;
		};
/* End PBXSourcesBuildPhase section */

/* Begin PBXTargetDependency section */
		7DF73E67273AE42200284C37 /* PBXTargetDependency */ = {
			isa = PBXTargetDependency;
			target = 7DF73E4E273AE42000284C37 /* Contest */;
			targetProxy = 7DF73E66273AE42200284C37 /* PBXContainerItemProxy */;
		};
		7DF73E71273AE42200284C37 /* PBXTargetDependency */ = {
			isa = PBXTargetDependency;
			target = 7DF73E4E273AE42000284C37 /* Contest */;
			targetProxy = 7DF73E70273AE42200284C37 /* PBXContainerItemProxy */;
		};
/* End PBXTargetDependency section */

/* Begin PBXVariantGroup section */
		7DF73E58273AE42000284C37 /* Main.storyboard */ = {
			isa = PBXVariantGroup;
			children = (
				7DF73E59273AE42000284C37 /* Base */,
			);
			name = Main.storyboard;
			sourceTree = "<group>";
		};
		7DF73E5D273AE42200284C37 /* LaunchScreen.storyboard */ = {
			isa = PBXVariantGroup;
			children = (
				7DF73E5E273AE42200284C37 /* Base */,
			);
			name = LaunchScreen.storyboard;
			sourceTree = "<group>";
		};
/* End PBXVariantGroup section */

/* Begin XCBuildConfiguration section */
		7DF73E77273AE42200284C37 /* Debug */ = {
			isa = XCBuildConfiguration;
			buildSettings = {
				ALWAYS_SEARCH_USER_PATHS = NO;
				CLANG_ANALYZER_NONNULL = YES;
				CLANG_ANALYZER_NUMBER_OBJECT_CONVERSION = YES_AGGRESSIVE;
				CLANG_CXX_LANGUAGE_STANDARD = "gnu++17";
				CLANG_CXX_LIBRARY = "libc++";
				CLANG_ENABLE_MODULES = YES;
				CLANG_ENABLE_OBJC_ARC = YES;
				CLANG_ENABLE_OBJC_WEAK = YES;
				CLANG_WARN_BLOCK_CAPTURE_AUTORELEASING = YES;
				CLANG_WARN_BOOL_CONVERSION = YES;
				CLANG_WARN_COMMA = YES;
				CLANG_WARN_CONSTANT_CONVERSION = YES;
				CLANG_WARN_DEPRECATED_OBJC_IMPLEMENTATIONS = YES;
				CLANG_WARN_DIRECT_OBJC_ISA_USAGE = YES_ERROR;
				CLANG_WARN_DOCUMENTATION_COMMENTS = YES;
				CLANG_WARN_EMPTY_BODY = YES;
				CLANG_WARN_ENUM_CONVERSION = YES;
				CLANG_WARN_INFINITE_RECURSION = YES;
				CLANG_WARN_INT_CONVERSION = YES;
				CLANG_WARN_NON_LITERAL_NULL_CONVERSION = YES;
				CLANG_WARN_OBJC_IMPLICIT_RETAIN_SELF = YES;
				CLANG_WARN_OBJC_LITERAL_CONVERSION = YES;
				CLANG_WARN_OBJC_ROOT_CLASS = YES_ERROR;
				CLANG_WARN_QUOTED_INCLUDE_IN_FRAMEWORK_HEADER = YES;
				CLANG_WARN_RANGE_LOOP_ANALYSIS = YES;
				CLANG_WARN_STRICT_PROTOTYPES = YES;
				CLANG_WARN_SUSPICIOUS_MOVE = YES;
				CLANG_WARN_UNGUARDED_AVAILABILITY = YES_AGGRESSIVE;
				CLANG_WARN_UNREACHABLE_CODE = YES;
				CLANG_WARN__DUPLICATE_METHOD_MATCH = YES;
				COPY_PHASE_STRIP = NO;
				DEBUG_INFORMATION_FORMAT = dwarf;
				ENABLE_STRICT_OBJC_MSGSEND = YES;
				ENABLE_TESTABILITY = YES;
				GCC_C_LANGUAGE_STANDARD = gnu11;
				GCC_DYNAMIC_NO_PIC = NO;
				GCC_NO_COMMON_BLOCKS = YES;
				GCC_OPTIMIZATION_LEVEL = 0;
				GCC_PREPROCESSOR_DEFINITIONS = (
					"DEBUG=1",
					"$(inherited)",
				);
				GCC_WARN_64_TO_32_BIT_CONVERSION = YES;
				GCC_WARN_ABOUT_RETURN_TYPE = YES_ERROR;
				GCC_WARN_UNDECLARED_SELECTOR = YES;
				GCC_WARN_UNINITIALIZED_AUTOS = YES_AGGRESSIVE;
				GCC_WARN_UNUSED_FUNCTION = YES;
				GCC_WARN_UNUSED_VARIABLE = YES;
				IPHONEOS_DEPLOYMENT_TARGET = 15.0;
				MTL_ENABLE_DEBUG_INFO = INCLUDE_SOURCE;
				MTL_FAST_MATH = YES;
				ONLY_ACTIVE_ARCH = YES;
				SDKROOT = iphoneos;
				SWIFT_ACTIVE_COMPILATION_CONDITIONS = DEBUG;
				SWIFT_OPTIMIZATION_LEVEL = "-Onone";
			};
			name = Debug;
		};
		7DF73E78273AE42200284C37 /* Release */ = {
			isa = XCBuildConfiguration;
			buildSettings = {
				ALWAYS_SEARCH_USER_PATHS = NO;
				CLANG_ANALYZER_NONNULL = YES;
				CLANG_ANALYZER_NUMBER_OBJECT_CONVERSION = YES_AGGRESSIVE;
				CLANG_CXX_LANGUAGE_STANDARD = "gnu++17";
				CLANG_CXX_LIBRARY = "libc++";
				CLANG_ENABLE_MODULES = YES;
				CLANG_ENABLE_OBJC_ARC = YES;
				CLANG_ENABLE_OBJC_WEAK = YES;
				CLANG_WARN_BLOCK_CAPTURE_AUTORELEASING = YES;
				CLANG_WARN_BOOL_CONVERSION = YES;
				CLANG_WARN_COMMA = YES;
				CLANG_WARN_CONSTANT_CONVERSION = YES;
				CLANG_WARN_DEPRECATED_OBJC_IMPLEMENTATIONS = YES;
				CLANG_WARN_DIRECT_OBJC_ISA_USAGE = YES_ERROR;
				CLANG_WARN_DOCUMENTATION_COMMENTS = YES;
				CLANG_WARN_EMPTY_BODY = YES;
				CLANG_WARN_ENUM_CONVERSION = YES;
				CLANG_WARN_INFINITE_RECURSION = YES;
				CLANG_WARN_INT_CONVERSION = YES;
				CLANG_WARN_NON_LITERAL_NULL_CONVERSION = YES;
				CLANG_WARN_OBJC_IMPLICIT_RETAIN_SELF = YES;
				CLANG_WARN_OBJC_LITERAL_CONVERSION = YES;
				CLANG_WARN_OBJC_ROOT_CLASS = YES_ERROR;
				CLANG_WARN_QUOTED_INCLUDE_IN_FRAMEWORK_HEADER = YES;
				CLANG_WARN_RANGE_LOOP_ANALYSIS = YES;
				CLANG_WARN_STRICT_PROTOTYPES = YES;
				CLANG_WARN_SUSPICIOUS_MOVE = YES;
				CLANG_WARN_UNGUARDED_AVAILABILITY = YES_AGGRESSIVE;
				CLANG_WARN_UNREACHABLE_CODE = YES;
				CLANG_WARN__DUPLICATE_METHOD_MATCH = YES;
				COPY_PHASE_STRIP = NO;
				DEBUG_INFORMATION_FORMAT = "dwarf-with-dsym";
				ENABLE_NS_ASSERTIONS = NO;
				ENABLE_STRICT_OBJC_MSGSEND = YES;
				GCC_C_LANGUAGE_STANDARD = gnu11;
				GCC_NO_COMMON_BLOCKS = YES;
				GCC_WARN_64_TO_32_BIT_CONVERSION = YES;
				GCC_WARN_ABOUT_RETURN_TYPE = YES_ERROR;
				GCC_WARN_UNDECLARED_SELECTOR = YES;
				GCC_WARN_UNINITIALIZED_AUTOS = YES_AGGRESSIVE;
				GCC_WARN_UNUSED_FUNCTION = YES;
				GCC_WARN_UNUSED_VARIABLE = YES;
				IPHONEOS_DEPLOYMENT_TARGET = 15.0;
				MTL_ENABLE_DEBUG_INFO = NO;
				MTL_FAST_MATH = YES;
				SDKROOT = iphoneos;
				SWIFT_COMPILATION_MODE = wholemodule;
				SWIFT_OPTIMIZATION_LEVEL = "-O";
				VALIDATE_PRODUCT = YES;
			};
			name = Release;
		};
		7DF73E7A273AE42200284C37 /* Debug */ = {
			isa = XCBuildConfiguration;
			buildSettings = {
				ASSETCATALOG_COMPILER_APPICON_NAME = AppIcon;
				ASSETCATALOG_COMPILER_GLOBAL_ACCENT_COLOR_NAME = AccentColor;
				CODE_SIGN_STYLE = Automatic;
				CURRENT_PROJECT_VERSION = 1;
				GENERATE_INFOPLIST_FILE = YES;
				INFOPLIST_FILE = Contest/Info.plist;
				INFOPLIST_KEY_UIApplicationSupportsIndirectInputEvents = YES;
				INFOPLIST_KEY_UILaunchStoryboardName = LaunchScreen;
				INFOPLIST_KEY_UIMainStoryboardFile = Main;
				INFOPLIST_KEY_UISupportedInterfaceOrientations_iPad = "UIInterfaceOrientationPortrait UIInterfaceOrientationPortraitUpsideDown UIInterfaceOrientationLandscapeLeft UIInterfaceOrientationLandscapeRight";
				INFOPLIST_KEY_UISupportedInterfaceOrientations_iPhone = "UIInterfaceOrientationPortrait UIInterfaceOrientationLandscapeLeft UIInterfaceOrientationLandscapeRight";
				LD_RUNPATH_SEARCH_PATHS = (
					"$(inherited)",
					"@executable_path/Frameworks",
				);
				MARKETING_VERSION = 1.0;
				PRODUCT_BUNDLE_IDENTIFIER = Sam.Contest;
				PRODUCT_NAME = "$(TARGET_NAME)";
				SWIFT_EMIT_LOC_STRINGS = YES;
				SWIFT_VERSION = 5.0;
				TARGETED_DEVICE_FAMILY = "1,2";
			};
			name = Debug;
		};
		7DF73E7B273AE42200284C37 /* Release */ = {
			isa = XCBuildConfiguration;
			buildSettings = {
				ASSETCATALOG_COMPILER_APPICON_NAME = AppIcon;
				ASSETCATALOG_COMPILER_GLOBAL_ACCENT_COLOR_NAME = AccentColor;
				CODE_SIGN_STYLE = Automatic;
				CURRENT_PROJECT_VERSION = 1;
				GENERATE_INFOPLIST_FILE = YES;
				INFOPLIST_FILE = Contest/Info.plist;
				INFOPLIST_KEY_UIApplicationSupportsIndirectInputEvents = YES;
				INFOPLIST_KEY_UILaunchStoryboardName = LaunchScreen;
				INFOPLIST_KEY_UIMainStoryboardFile = Main;
				INFOPLIST_KEY_UISupportedInterfaceOrientations_iPad = "UIInterfaceOrientationPortrait UIInterfaceOrientationPortraitUpsideDown UIInterfaceOrientationLandscapeLeft UIInterfaceOrientationLandscapeRight";
				INFOPLIST_KEY_UISupportedInterfaceOrientations_iPhone = "UIInterfaceOrientationPortrait UIInterfaceOrientationLandscapeLeft UIInterfaceOrientationLandscapeRight";
				LD_RUNPATH_SEARCH_PATHS = (
					"$(inherited)",
					"@executable_path/Frameworks",
				);
				MARKETING_VERSION = 1.0;
				PRODUCT_BUNDLE_IDENTIFIER = Sam.Contest;
				PRODUCT_NAME = "$(TARGET_NAME)";
				SWIFT_EMIT_LOC_STRINGS = YES;
				SWIFT_VERSION = 5.0;
				TARGETED_DEVICE_FAMILY = "1,2";
			};
			name = Release;
		};
		7DF73E7D273AE42200284C37 /* Debug */ = {
			isa = XCBuildConfiguration;
			buildSettings = {
				ALWAYS_EMBED_SWIFT_STANDARD_LIBRARIES = YES;
				BUNDLE_LOADER = "$(TEST_HOST)";
				CODE_SIGN_STYLE = Automatic;
				CURRENT_PROJECT_VERSION = 1;
				GENERATE_INFOPLIST_FILE = YES;
				IPHONEOS_DEPLOYMENT_TARGET = 15.0;
				LD_RUNPATH_SEARCH_PATHS = (
					"$(inherited)",
					"@executable_path/Frameworks",
					"@loader_path/Frameworks",
				);
				MARKETING_VERSION = 1.0;
				PRODUCT_BUNDLE_IDENTIFIER = Sam.ContestTests;
				PRODUCT_NAME = "$(TARGET_NAME)";
				SWIFT_EMIT_LOC_STRINGS = NO;
				SWIFT_VERSION = 5.0;
				TARGETED_DEVICE_FAMILY = "1,2";
				TEST_HOST = "$(BUILT_PRODUCTS_DIR)/Contest.app/Contest";
			};
			name = Debug;
		};
		7DF73E7E273AE42200284C37 /* Release */ = {
			isa = XCBuildConfiguration;
			buildSettings = {
				ALWAYS_EMBED_SWIFT_STANDARD_LIBRARIES = YES;
				BUNDLE_LOADER = "$(TEST_HOST)";
				CODE_SIGN_STYLE = Automatic;
				CURRENT_PROJECT_VERSION = 1;
				GENERATE_INFOPLIST_FILE = YES;
				IPHONEOS_DEPLOYMENT_TARGET = 15.0;
				LD_RUNPATH_SEARCH_PATHS = (
					"$(inherited)",
					"@executable_path/Frameworks",
					"@loader_path/Frameworks",
				);
				MARKETING_VERSION = 1.0;
				PRODUCT_BUNDLE_IDENTIFIER = Sam.ContestTests;
				PRODUCT_NAME = "$(TARGET_NAME)";
				SWIFT_EMIT_LOC_STRINGS = NO;
				SWIFT_VERSION = 5.0;
				TARGETED_DEVICE_FAMILY = "1,2";
				TEST_HOST = "$(BUILT_PRODUCTS_DIR)/Contest.app/Contest";
			};
			name = Release;
		};
		7DF73E80273AE42200284C37 /* Debug */ = {
			isa = XCBuildConfiguration;
			buildSettings = {
				ALWAYS_EMBED_SWIFT_STANDARD_LIBRARIES = YES;
				CODE_SIGN_STYLE = Automatic;
				CURRENT_PROJECT_VERSION = 1;
				GENERATE_INFOPLIST_FILE = YES;
				LD_RUNPATH_SEARCH_PATHS = (
					"$(inherited)",
					"@executable_path/Frameworks",
					"@loader_path/Frameworks",
				);
				MARKETING_VERSION = 1.0;
				PRODUCT_BUNDLE_IDENTIFIER = Sam.ContestUITests;
				PRODUCT_NAME = "$(TARGET_NAME)";
				SWIFT_EMIT_LOC_STRINGS = NO;
				SWIFT_VERSION = 5.0;
				TARGETED_DEVICE_FAMILY = "1,2";
				TEST_TARGET_NAME = Contest;
			};
			name = Debug;
		};
		7DF73E81273AE42200284C37 /* Release */ = {
			isa = XCBuildConfiguration;
			buildSettings = {
				ALWAYS_EMBED_SWIFT_STANDARD_LIBRARIES = YES;
				CODE_SIGN_STYLE = Automatic;
				CURRENT_PROJECT_VERSION = 1;
				GENERATE_INFOPLIST_FILE = YES;
				LD_RUNPATH_SEARCH_PATHS = (
					"$(inherited)",
					"@executable_path/Frameworks",
					"@loader_path/Frameworks",
				);
				MARKETING_VERSION = 1.0;
				PRODUCT_BUNDLE_IDENTIFIER = Sam.ContestUITests;
				PRODUCT_NAME = "$(TARGET_NAME)";
				SWIFT_EMIT_LOC_STRINGS = NO;
				SWIFT_VERSION = 5.0;
				TARGETED_DEVICE_FAMILY = "1,2";
				TEST_TARGET_NAME = Contest;
			};
			name = Release;
		};
/* End XCBuildConfiguration section */

/* Begin XCConfigurationList section */
		7DF73E4A273AE42000284C37 /* Build configuration list for PBXProject "Contest" */ = {
			isa = XCConfigurationList;
			buildConfigurations = (
				7DF73E77273AE42200284C37 /* Debug */,
				7DF73E78273AE42200284C37 /* Release */,
			);
			defaultConfigurationIsVisible = 0;
			defaultConfigurationName = Release;
		};
		7DF73E79273AE42200284C37 /* Build configuration list for PBXNativeTarget "Contest" */ = {
			isa = XCConfigurationList;
			buildConfigurations = (
				7DF73E7A273AE42200284C37 /* Debug */,
				7DF73E7B273AE42200284C37 /* Release */,
			);
			defaultConfigurationIsVisible = 0;
			defaultConfigurationName = Release;
		};
		7DF73E7C273AE42200284C37 /* Build configuration list for PBXNativeTarget "ContestTests" */ = {
			isa = XCConfigurationList;
			buildConfigurations = (
				7DF73E7D273AE42200284C37 /* Debug */,
				7DF73E7E273AE42200284C37 /* Release */,
			);
			defaultConfigurationIsVisible = 0;
			defaultConfigurationName = Release;
		};
		7DF73E7F273AE42200284C37 /* Build configuration list for PBXNativeTarget "ContestUITests" */ = {
			isa = XCConfigurationList;
			buildConfigurations = (
				7DF73E80273AE42200284C37 /* Debug */,
				7DF73E81273AE42200284C37 /* Release */,
			);
			defaultConfigurationIsVisible = 0;
			defaultConfigurationName = Release;
		};
/* End XCConfigurationList section */
	};
	rootObject = 7DF73E47273AE42000284C37 /* Project object */;
}
