// !$*UTF8*$!
{
	archiveVersion = 1;
	classes = {
	};
	objectVersion = 55;
	objects = {

/* Begin PBXBuildFile section */
		7D962BFC271476D30065529E /* AppDelegate.swift in Sources */ = {isa = PBXBuildFile; fileRef = 7D962BFB271476D30065529E /* AppDelegate.swift */; };
		7D962BFE271476D30065529E /* SceneDelegate.swift in Sources */ = {isa = PBXBuildFile; fileRef = 7D962BFD271476D30065529E /* SceneDelegate.swift */; };
		7D962C00271476D30065529E /* ViewController.swift in Sources */ = {isa = PBXBuildFile; fileRef = 7D962BFF271476D30065529E /* ViewController.swift */; };
		7D962C03271476D30065529E /* Main.storyboard in Resources */ = {isa = PBXBuildFile; fileRef = 7D962C01271476D30065529E /* Main.storyboard */; };
		7D962C05271476D40065529E /* Assets.xcassets in Resources */ = {isa = PBXBuildFile; fileRef = 7D962C04271476D40065529E /* Assets.xcassets */; };
		7D962C08271476D40065529E /* LaunchScreen.storyboard in Resources */ = {isa = PBXBuildFile; fileRef = 7D962C06271476D40065529E /* LaunchScreen.storyboard */; };
		7D962C13271476D50065529E /* tableViewsTests.swift in Sources */ = {isa = PBXBuildFile; fileRef = 7D962C12271476D50065529E /* tableViewsTests.swift */; };
		7D962C1D271476D50065529E /* tableViewsUITests.swift in Sources */ = {isa = PBXBuildFile; fileRef = 7D962C1C271476D50065529E /* tableViewsUITests.swift */; };
		7D962C1F271476D50065529E /* tableViewsUITestsLaunchTests.swift in Sources */ = {isa = PBXBuildFile; fileRef = 7D962C1E271476D50065529E /* tableViewsUITestsLaunchTests.swift */; };
/* End PBXBuildFile section */

/* Begin PBXContainerItemProxy section */
		7D962C0F271476D50065529E /* PBXContainerItemProxy */ = {
			isa = PBXContainerItemProxy;
			containerPortal = 7D962BF0271476D30065529E /* Project object */;
			proxyType = 1;
			remoteGlobalIDString = 7D962BF7271476D30065529E;
			remoteInfo = tableViews;
		};
		7D962C19271476D50065529E /* PBXContainerItemProxy */ = {
			isa = PBXContainerItemProxy;
			containerPortal = 7D962BF0271476D30065529E /* Project object */;
			proxyType = 1;
			remoteGlobalIDString = 7D962BF7271476D30065529E;
			remoteInfo = tableViews;
		};
/* End PBXContainerItemProxy section */

/* Begin PBXFileReference section */
		7D962BF8271476D30065529E /* tableViews.app */ = {isa = PBXFileReference; explicitFileType = wrapper.application; includeInIndex = 0; path = tableViews.app; sourceTree = BUILT_PRODUCTS_DIR; };
		7D962BFB271476D30065529E /* AppDelegate.swift */ = {isa = PBXFileReference; lastKnownFileType = sourcecode.swift; path = AppDelegate.swift; sourceTree = "<group>"; };
		7D962BFD271476D30065529E /* SceneDelegate.swift */ = {isa = PBXFileReference; lastKnownFileType = sourcecode.swift; path = SceneDelegate.swift; sourceTree = "<group>"; };
		7D962BFF271476D30065529E /* ViewController.swift */ = {isa = PBXFileReference; lastKnownFileType = sourcecode.swift; path = ViewController.swift; sourceTree = "<group>"; };
		7D962C02271476D30065529E /* Base */ = {isa = PBXFileReference; lastKnownFileType = file.storyboard; name = Base; path = Base.lproj/Main.storyboard; sourceTree = "<group>"; };
		7D962C04271476D40065529E /* Assets.xcassets */ = {isa = PBXFileReference; lastKnownFileType = folder.assetcatalog; path = Assets.xcassets; sourceTree = "<group>"; };
		7D962C07271476D40065529E /* Base */ = {isa = PBXFileReference; lastKnownFileType = file.storyboard; name = Base; path = Base.lproj/LaunchScreen.storyboard; sourceTree = "<group>"; };
		7D962C09271476D40065529E /* Info.plist */ = {isa = PBXFileReference; lastKnownFileType = text.plist.xml; path = Info.plist; sourceTree = "<group>"; };
		7D962C0E271476D50065529E /* tableViewsTests.xctest */ = {isa = PBXFileReference; explicitFileType = wrapper.cfbundle; includeInIndex = 0; path = tableViewsTests.xctest; sourceTree = BUILT_PRODUCTS_DIR; };
		7D962C12271476D50065529E /* tableViewsTests.swift */ = {isa = PBXFileReference; lastKnownFileType = sourcecode.swift; path = tableViewsTests.swift; sourceTree = "<group>"; };
		7D962C18271476D50065529E /* tableViewsUITests.xctest */ = {isa = PBXFileReference; explicitFileType = wrapper.cfbundle; includeInIndex = 0; path = tableViewsUITests.xctest; sourceTree = BUILT_PRODUCTS_DIR; };
		7D962C1C271476D50065529E /* tableViewsUITests.swift */ = {isa = PBXFileReference; lastKnownFileType = sourcecode.swift; path = tableViewsUITests.swift; sourceTree = "<group>"; };
		7D962C1E271476D50065529E /* tableViewsUITestsLaunchTests.swift */ = {isa = PBXFileReference; lastKnownFileType = sourcecode.swift; path = tableViewsUITestsLaunchTests.swift; sourceTree = "<group>"; };
/* End PBXFileReference section */

/* Begin PBXFrameworksBuildPhase section */
		7D962BF5271476D30065529E /* Frameworks */ = {
			isa = PBXFrameworksBuildPhase;
			buildActionMask = 2147483647;
			files = (
			);
			runOnlyForDeploymentPostprocessing = 0;
		};
		7D962C0B271476D50065529E /* Frameworks */ = {
			isa = PBXFrameworksBuildPhase;
			buildActionMask = 2147483647;
			files = (
			);
			runOnlyForDeploymentPostprocessing = 0;
		};
		7D962C15271476D50065529E /* Frameworks */ = {
			isa = PBXFrameworksBuildPhase;
			buildActionMask = 2147483647;
			files = (
			);
			runOnlyForDeploymentPostprocessing = 0;
		};
/* End PBXFrameworksBuildPhase section */

/* Begin PBXGroup section */
		7D962BEF271476D30065529E = {
			isa = PBXGroup;
			children = (
				7D962BFA271476D30065529E /* tableViews */,
				7D962C11271476D50065529E /* tableViewsTests */,
				7D962C1B271476D50065529E /* tableViewsUITests */,
				7D962BF9271476D30065529E /* Products */,
			);
			sourceTree = "<group>";
		};
		7D962BF9271476D30065529E /* Products */ = {
			isa = PBXGroup;
			children = (
				7D962BF8271476D30065529E /* tableViews.app */,
				7D962C0E271476D50065529E /* tableViewsTests.xctest */,
				7D962C18271476D50065529E /* tableViewsUITests.xctest */,
			);
			name = Products;
			sourceTree = "<group>";
		};
		7D962BFA271476D30065529E /* tableViews */ = {
			isa = PBXGroup;
			children = (
				7D962BFB271476D30065529E /* AppDelegate.swift */,
				7D962BFD271476D30065529E /* SceneDelegate.swift */,
				7D962BFF271476D30065529E /* ViewController.swift */,
				7D962C01271476D30065529E /* Main.storyboard */,
				7D962C04271476D40065529E /* Assets.xcassets */,
				7D962C06271476D40065529E /* LaunchScreen.storyboard */,
				7D962C09271476D40065529E /* Info.plist */,
			);
			path = tableViews;
			sourceTree = "<group>";
		};
		7D962C11271476D50065529E /* tableViewsTests */ = {
			isa = PBXGroup;
			children = (
				7D962C12271476D50065529E /* tableViewsTests.swift */,
			);
			path = tableViewsTests;
			sourceTree = "<group>";
		};
		7D962C1B271476D50065529E /* tableViewsUITests */ = {
			isa = PBXGroup;
			children = (
				7D962C1C271476D50065529E /* tableViewsUITests.swift */,
				7D962C1E271476D50065529E /* tableViewsUITestsLaunchTests.swift */,
			);
			path = tableViewsUITests;
			sourceTree = "<group>";
		};
/* End PBXGroup section */

/* Begin PBXNativeTarget section */
		7D962BF7271476D30065529E /* tableViews */ = {
			isa = PBXNativeTarget;
			buildConfigurationList = 7D962C22271476D50065529E /* Build configuration list for PBXNativeTarget "tableViews" */;
			buildPhases = (
				7D962BF4271476D30065529E /* Sources */,
				7D962BF5271476D30065529E /* Frameworks */,
				7D962BF6271476D30065529E /* Resources */,
			);
			buildRules = (
			);
			dependencies = (
			);
			name = tableViews;
			productName = tableViews;
			productReference = 7D962BF8271476D30065529E /* tableViews.app */;
			productType = "com.apple.product-type.application";
		};
		7D962C0D271476D50065529E /* tableViewsTests */ = {
			isa = PBXNativeTarget;
			buildConfigurationList = 7D962C25271476D50065529E /* Build configuration list for PBXNativeTarget "tableViewsTests" */;
			buildPhases = (
				7D962C0A271476D50065529E /* Sources */,
				7D962C0B271476D50065529E /* Frameworks */,
				7D962C0C271476D50065529E /* Resources */,
			);
			buildRules = (
			);
			dependencies = (
				7D962C10271476D50065529E /* PBXTargetDependency */,
			);
			name = tableViewsTests;
			productName = tableViewsTests;
			productReference = 7D962C0E271476D50065529E /* tableViewsTests.xctest */;
			productType = "com.apple.product-type.bundle.unit-test";
		};
		7D962C17271476D50065529E /* tableViewsUITests */ = {
			isa = PBXNativeTarget;
			buildConfigurationList = 7D962C28271476D50065529E /* Build configuration list for PBXNativeTarget "tableViewsUITests" */;
			buildPhases = (
				7D962C14271476D50065529E /* Sources */,
				7D962C15271476D50065529E /* Frameworks */,
				7D962C16271476D50065529E /* Resources */,
			);
			buildRules = (
			);
			dependencies = (
				7D962C1A271476D50065529E /* PBXTargetDependency */,
			);
			name = tableViewsUITests;
			productName = tableViewsUITests;
			productReference = 7D962C18271476D50065529E /* tableViewsUITests.xctest */;
			productType = "com.apple.product-type.bundle.ui-testing";
		};
/* End PBXNativeTarget section */

/* Begin PBXProject section */
		7D962BF0271476D30065529E /* Project object */ = {
			isa = PBXProject;
			attributes = {
				BuildIndependentTargetsInParallel = 1;
				LastSwiftUpdateCheck = 1300;
				LastUpgradeCheck = 1300;
				TargetAttributes = {
					7D962BF7271476D30065529E = {
						CreatedOnToolsVersion = 13.0;
					};
					7D962C0D271476D50065529E = {
						CreatedOnToolsVersion = 13.0;
						TestTargetID = 7D962BF7271476D30065529E;
					};
					7D962C17271476D50065529E = {
						CreatedOnToolsVersion = 13.0;
						TestTargetID = 7D962BF7271476D30065529E;
					};
				};
			};
			buildConfigurationList = 7D962BF3271476D30065529E /* Build configuration list for PBXProject "tableViews" */;
			compatibilityVersion = "Xcode 13.0";
			developmentRegion = en;
			hasScannedForEncodings = 0;
			knownRegions = (
				en,
				Base,
			);
			mainGroup = 7D962BEF271476D30065529E;
			productRefGroup = 7D962BF9271476D30065529E /* Products */;
			projectDirPath = "";
			projectRoot = "";
			targets = (
				7D962BF7271476D30065529E /* tableViews */,
				7D962C0D271476D50065529E /* tableViewsTests */,
				7D962C17271476D50065529E /* tableViewsUITests */,
			);
		};
/* End PBXProject section */

/* Begin PBXResourcesBuildPhase section */
		7D962BF6271476D30065529E /* Resources */ = {
			isa = PBXResourcesBuildPhase;
			buildActionMask = 2147483647;
			files = (
				7D962C08271476D40065529E /* LaunchScreen.storyboard in Resources */,
				7D962C05271476D40065529E /* Assets.xcassets in Resources */,
				7D962C03271476D30065529E /* Main.storyboard in Resources */,
			);
			runOnlyForDeploymentPostprocessing = 0;
		};
		7D962C0C271476D50065529E /* Resources */ = {
			isa = PBXResourcesBuildPhase;
			buildActionMask = 2147483647;
			files = (
			);
			runOnlyForDeploymentPostprocessing = 0;
		};
		7D962C16271476D50065529E /* Resources */ = {
			isa = PBXResourcesBuildPhase;
			buildActionMask = 2147483647;
			files = (
			);
			runOnlyForDeploymentPostprocessing = 0;
		};
/* End PBXResourcesBuildPhase section */

/* Begin PBXSourcesBuildPhase section */
		7D962BF4271476D30065529E /* Sources */ = {
			isa = PBXSourcesBuildPhase;
			buildActionMask = 2147483647;
			files = (
				7D962C00271476D30065529E /* ViewController.swift in Sources */,
				7D962BFC271476D30065529E /* AppDelegate.swift in Sources */,
				7D962BFE271476D30065529E /* SceneDelegate.swift in Sources */,
			);
			runOnlyForDeploymentPostprocessing = 0;
		};
		7D962C0A271476D50065529E /* Sources */ = {
			isa = PBXSourcesBuildPhase;
			buildActionMask = 2147483647;
			files = (
				7D962C13271476D50065529E /* tableViewsTests.swift in Sources */,
			);
			runOnlyForDeploymentPostprocessing = 0;
		};
		7D962C14271476D50065529E /* Sources */ = {
			isa = PBXSourcesBuildPhase;
			buildActionMask = 2147483647;
			files = (
				7D962C1F271476D50065529E /* tableViewsUITestsLaunchTests.swift in Sources */,
				7D962C1D271476D50065529E /* tableViewsUITests.swift in Sources */,
			);
			runOnlyForDeploymentPostprocessing = 0;
		};
/* End PBXSourcesBuildPhase section */

/* Begin PBXTargetDependency section */
		7D962C10271476D50065529E /* PBXTargetDependency */ = {
			isa = PBXTargetDependency;
			target = 7D962BF7271476D30065529E /* tableViews */;
			targetProxy = 7D962C0F271476D50065529E /* PBXContainerItemProxy */;
		};
		7D962C1A271476D50065529E /* PBXTargetDependency */ = {
			isa = PBXTargetDependency;
			target = 7D962BF7271476D30065529E /* tableViews */;
			targetProxy = 7D962C19271476D50065529E /* PBXContainerItemProxy */;
		};
/* End PBXTargetDependency section */

/* Begin PBXVariantGroup section */
		7D962C01271476D30065529E /* Main.storyboard */ = {
			isa = PBXVariantGroup;
			children = (
				7D962C02271476D30065529E /* Base */,
			);
			name = Main.storyboard;
			sourceTree = "<group>";
		};
		7D962C06271476D40065529E /* LaunchScreen.storyboard */ = {
			isa = PBXVariantGroup;
			children = (
				7D962C07271476D40065529E /* Base */,
			);
			name = LaunchScreen.storyboard;
			sourceTree = "<group>";
		};
/* End PBXVariantGroup section */

/* Begin XCBuildConfiguration section */
		7D962C20271476D50065529E /* Debug */ = {
			isa = XCBuildConfiguration;
			buildSettings = {
				ALWAYS_SEARCH_USER_PATHS = NO;
				CLANG_ANALYZER_NONNULL = YES;
				CLANG_ANALYZER_NUMBER_OBJECT_CONVERSION = YES_AGGRESSIVE;
				CLANG_CXX_LANGUAGE_STANDARD = "gnu++17";
				CLANG_CXX_LIBRARY = "libc++";
				CLANG_ENABLE_MODULES = YES;
				CLANG_ENABLE_OBJC_ARC = YES;
				CLANG_ENABLE_OBJC_WEAK = YES;
				CLANG_WARN_BLOCK_CAPTURE_AUTORELEASING = YES;
				CLANG_WARN_BOOL_CONVERSION = YES;
				CLANG_WARN_COMMA = YES;
				CLANG_WARN_CONSTANT_CONVERSION = YES;
				CLANG_WARN_DEPRECATED_OBJC_IMPLEMENTATIONS = YES;
				CLANG_WARN_DIRECT_OBJC_ISA_USAGE = YES_ERROR;
				CLANG_WARN_DOCUMENTATION_COMMENTS = YES;
				CLANG_WARN_EMPTY_BODY = YES;
				CLANG_WARN_ENUM_CONVERSION = YES;
				CLANG_WARN_INFINITE_RECURSION = YES;
				CLANG_WARN_INT_CONVERSION = YES;
				CLANG_WARN_NON_LITERAL_NULL_CONVERSION = YES;
				CLANG_WARN_OBJC_IMPLICIT_RETAIN_SELF = YES;
				CLANG_WARN_OBJC_LITERAL_CONVERSION = YES;
				CLANG_WARN_OBJC_ROOT_CLASS = YES_ERROR;
				CLANG_WARN_QUOTED_INCLUDE_IN_FRAMEWORK_HEADER = YES;
				CLANG_WARN_RANGE_LOOP_ANALYSIS = YES;
				CLANG_WARN_STRICT_PROTOTYPES = YES;
				CLANG_WARN_SUSPICIOUS_MOVE = YES;
				CLANG_WARN_UNGUARDED_AVAILABILITY = YES_AGGRESSIVE;
				CLANG_WARN_UNREACHABLE_CODE = YES;
				CLANG_WARN__DUPLICATE_METHOD_MATCH = YES;
				COPY_PHASE_STRIP = NO;
				DEBUG_INFORMATION_FORMAT = dwarf;
				ENABLE_STRICT_OBJC_MSGSEND = YES;
				ENABLE_TESTABILITY = YES;
				GCC_C_LANGUAGE_STANDARD = gnu11;
				GCC_DYNAMIC_NO_PIC = NO;
				GCC_NO_COMMON_BLOCKS = YES;
				GCC_OPTIMIZATION_LEVEL = 0;
				GCC_PREPROCESSOR_DEFINITIONS = (
					"DEBUG=1",
					"$(inherited)",
				);
				GCC_WARN_64_TO_32_BIT_CONVERSION = YES;
				GCC_WARN_ABOUT_RETURN_TYPE = YES_ERROR;
				GCC_WARN_UNDECLARED_SELECTOR = YES;
				GCC_WARN_UNINITIALIZED_AUTOS = YES_AGGRESSIVE;
				GCC_WARN_UNUSED_FUNCTION = YES;
				GCC_WARN_UNUSED_VARIABLE = YES;
				IPHONEOS_DEPLOYMENT_TARGET = 15.0;
				MTL_ENABLE_DEBUG_INFO = INCLUDE_SOURCE;
				MTL_FAST_MATH = YES;
				ONLY_ACTIVE_ARCH = YES;
				SDKROOT = iphoneos;
				SWIFT_ACTIVE_COMPILATION_CONDITIONS = DEBUG;
				SWIFT_OPTIMIZATION_LEVEL = "-Onone";
			};
			name = Debug;
		};
		7D962C21271476D50065529E /* Release */ = {
			isa = XCBuildConfiguration;
			buildSettings = {
				ALWAYS_SEARCH_USER_PATHS = NO;
				CLANG_ANALYZER_NONNULL = YES;
				CLANG_ANALYZER_NUMBER_OBJECT_CONVERSION = YES_AGGRESSIVE;
				CLANG_CXX_LANGUAGE_STANDARD = "gnu++17";
				CLANG_CXX_LIBRARY = "libc++";
				CLANG_ENABLE_MODULES = YES;
				CLANG_ENABLE_OBJC_ARC = YES;
				CLANG_ENABLE_OBJC_WEAK = YES;
				CLANG_WARN_BLOCK_CAPTURE_AUTORELEASING = YES;
				CLANG_WARN_BOOL_CONVERSION = YES;
				CLANG_WARN_COMMA = YES;
				CLANG_WARN_CONSTANT_CONVERSION = YES;
				CLANG_WARN_DEPRECATED_OBJC_IMPLEMENTATIONS = YES;
				CLANG_WARN_DIRECT_OBJC_ISA_USAGE = YES_ERROR;
				CLANG_WARN_DOCUMENTATION_COMMENTS = YES;
				CLANG_WARN_EMPTY_BODY = YES;
				CLANG_WARN_ENUM_CONVERSION = YES;
				CLANG_WARN_INFINITE_RECURSION = YES;
				CLANG_WARN_INT_CONVERSION = YES;
				CLANG_WARN_NON_LITERAL_NULL_CONVERSION = YES;
				CLANG_WARN_OBJC_IMPLICIT_RETAIN_SELF = YES;
				CLANG_WARN_OBJC_LITERAL_CONVERSION = YES;
				CLANG_WARN_OBJC_ROOT_CLASS = YES_ERROR;
				CLANG_WARN_QUOTED_INCLUDE_IN_FRAMEWORK_HEADER = YES;
				CLANG_WARN_RANGE_LOOP_ANALYSIS = YES;
				CLANG_WARN_STRICT_PROTOTYPES = YES;
				CLANG_WARN_SUSPICIOUS_MOVE = YES;
				CLANG_WARN_UNGUARDED_AVAILABILITY = YES_AGGRESSIVE;
				CLANG_WARN_UNREACHABLE_CODE = YES;
				CLANG_WARN__DUPLICATE_METHOD_MATCH = YES;
				COPY_PHASE_STRIP = NO;
				DEBUG_INFORMATION_FORMAT = "dwarf-with-dsym";
				ENABLE_NS_ASSERTIONS = NO;
				ENABLE_STRICT_OBJC_MSGSEND = YES;
				GCC_C_LANGUAGE_STANDARD = gnu11;
				GCC_NO_COMMON_BLOCKS = YES;
				GCC_WARN_64_TO_32_BIT_CONVERSION = YES;
				GCC_WARN_ABOUT_RETURN_TYPE = YES_ERROR;
				GCC_WARN_UNDECLARED_SELECTOR = YES;
				GCC_WARN_UNINITIALIZED_AUTOS = YES_AGGRESSIVE;
				GCC_WARN_UNUSED_FUNCTION = YES;
				GCC_WARN_UNUSED_VARIABLE = YES;
				IPHONEOS_DEPLOYMENT_TARGET = 15.0;
				MTL_ENABLE_DEBUG_INFO = NO;
				MTL_FAST_MATH = YES;
				SDKROOT = iphoneos;
				SWIFT_COMPILATION_MODE = wholemodule;
				SWIFT_OPTIMIZATION_LEVEL = "-O";
				VALIDATE_PRODUCT = YES;
			};
			name = Release;
		};
		7D962C23271476D50065529E /* Debug */ = {
			isa = XCBuildConfiguration;
			buildSettings = {
				ASSETCATALOG_COMPILER_APPICON_NAME = AppIcon;
				ASSETCATALOG_COMPILER_GLOBAL_ACCENT_COLOR_NAME = AccentColor;
				CODE_SIGN_STYLE = Automatic;
				CURRENT_PROJECT_VERSION = 1;
				GENERATE_INFOPLIST_FILE = YES;
				INFOPLIST_FILE = tableViews/Info.plist;
				INFOPLIST_KEY_UIApplicationSupportsIndirectInputEvents = YES;
				INFOPLIST_KEY_UILaunchStoryboardName = LaunchScreen;
				INFOPLIST_KEY_UIMainStoryboardFile = Main;
				INFOPLIST_KEY_UISupportedInterfaceOrientations_iPad = "UIInterfaceOrientationPortrait UIInterfaceOrientationPortraitUpsideDown UIInterfaceOrientationLandscapeLeft UIInterfaceOrientationLandscapeRight";
				INFOPLIST_KEY_UISupportedInterfaceOrientations_iPhone = "UIInterfaceOrientationPortrait UIInterfaceOrientationLandscapeLeft UIInterfaceOrientationLandscapeRight";
				LD_RUNPATH_SEARCH_PATHS = (
					"$(inherited)",
					"@executable_path/Frameworks",
				);
				MARKETING_VERSION = 1.0;
				PRODUCT_BUNDLE_IDENTIFIER = Sam.tableViews;
				PRODUCT_NAME = "$(TARGET_NAME)";
				SWIFT_EMIT_LOC_STRINGS = YES;
				SWIFT_VERSION = 5.0;
				TARGETED_DEVICE_FAMILY = "1,2";
			};
			name = Debug;
		};
		7D962C24271476D50065529E /* Release */ = {
			isa = XCBuildConfiguration;
			buildSettings = {
				ASSETCATALOG_COMPILER_APPICON_NAME = AppIcon;
				ASSETCATALOG_COMPILER_GLOBAL_ACCENT_COLOR_NAME = AccentColor;
				CODE_SIGN_STYLE = Automatic;
				CURRENT_PROJECT_VERSION = 1;
				GENERATE_INFOPLIST_FILE = YES;
				INFOPLIST_FILE = tableViews/Info.plist;
				INFOPLIST_KEY_UIApplicationSupportsIndirectInputEvents = YES;
				INFOPLIST_KEY_UILaunchStoryboardName = LaunchScreen;
				INFOPLIST_KEY_UIMainStoryboardFile = Main;
				INFOPLIST_KEY_UISupportedInterfaceOrientations_iPad = "UIInterfaceOrientationPortrait UIInterfaceOrientationPortraitUpsideDown UIInterfaceOrientationLandscapeLeft UIInterfaceOrientationLandscapeRight";
				INFOPLIST_KEY_UISupportedInterfaceOrientations_iPhone = "UIInterfaceOrientationPortrait UIInterfaceOrientationLandscapeLeft UIInterfaceOrientationLandscapeRight";
				LD_RUNPATH_SEARCH_PATHS = (
					"$(inherited)",
					"@executable_path/Frameworks",
				);
				MARKETING_VERSION = 1.0;
				PRODUCT_BUNDLE_IDENTIFIER = Sam.tableViews;
				PRODUCT_NAME = "$(TARGET_NAME)";
				SWIFT_EMIT_LOC_STRINGS = YES;
				SWIFT_VERSION = 5.0;
				TARGETED_DEVICE_FAMILY = "1,2";
			};
			name = Release;
		};
		7D962C26271476D50065529E /* Debug */ = {
			isa = XCBuildConfiguration;
			buildSettings = {
				ALWAYS_EMBED_SWIFT_STANDARD_LIBRARIES = YES;
				BUNDLE_LOADER = "$(TEST_HOST)";
				CODE_SIGN_STYLE = Automatic;
				CURRENT_PROJECT_VERSION = 1;
				GENERATE_INFOPLIST_FILE = YES;
				IPHONEOS_DEPLOYMENT_TARGET = 15.0;
				LD_RUNPATH_SEARCH_PATHS = (
					"$(inherited)",
					"@executable_path/Frameworks",
					"@loader_path/Frameworks",
				);
				MARKETING_VERSION = 1.0;
				PRODUCT_BUNDLE_IDENTIFIER = Sam.tableViewsTests;
				PRODUCT_NAME = "$(TARGET_NAME)";
				SWIFT_EMIT_LOC_STRINGS = NO;
				SWIFT_VERSION = 5.0;
				TARGETED_DEVICE_FAMILY = "1,2";
				TEST_HOST = "$(BUILT_PRODUCTS_DIR)/tableViews.app/tableViews";
			};
			name = Debug;
		};
		7D962C27271476D50065529E /* Release */ = {
			isa = XCBuildConfiguration;
			buildSettings = {
				ALWAYS_EMBED_SWIFT_STANDARD_LIBRARIES = YES;
				BUNDLE_LOADER = "$(TEST_HOST)";
				CODE_SIGN_STYLE = Automatic;
				CURRENT_PROJECT_VERSION = 1;
				GENERATE_INFOPLIST_FILE = YES;
				IPHONEOS_DEPLOYMENT_TARGET = 15.0;
				LD_RUNPATH_SEARCH_PATHS = (
					"$(inherited)",
					"@executable_path/Frameworks",
					"@loader_path/Frameworks",
				);
				MARKETING_VERSION = 1.0;
				PRODUCT_BUNDLE_IDENTIFIER = Sam.tableViewsTests;
				PRODUCT_NAME = "$(TARGET_NAME)";
				SWIFT_EMIT_LOC_STRINGS = NO;
				SWIFT_VERSION = 5.0;
				TARGETED_DEVICE_FAMILY = "1,2";
				TEST_HOST = "$(BUILT_PRODUCTS_DIR)/tableViews.app/tableViews";
			};
			name = Release;
		};
		7D962C29271476D50065529E /* Debug */ = {
			isa = XCBuildConfiguration;
			buildSettings = {
				ALWAYS_EMBED_SWIFT_STANDARD_LIBRARIES = YES;
				CODE_SIGN_STYLE = Automatic;
				CURRENT_PROJECT_VERSION = 1;
				GENERATE_INFOPLIST_FILE = YES;
				LD_RUNPATH_SEARCH_PATHS = (
					"$(inherited)",
					"@executable_path/Frameworks",
					"@loader_path/Frameworks",
				);
				MARKETING_VERSION = 1.0;
				PRODUCT_BUNDLE_IDENTIFIER = Sam.tableViewsUITests;
				PRODUCT_NAME = "$(TARGET_NAME)";
				SWIFT_EMIT_LOC_STRINGS = NO;
				SWIFT_VERSION = 5.0;
				TARGETED_DEVICE_FAMILY = "1,2";
				TEST_TARGET_NAME = tableViews;
			};
			name = Debug;
		};
		7D962C2A271476D50065529E /* Release */ = {
			isa = XCBuildConfiguration;
			buildSettings = {
				ALWAYS_EMBED_SWIFT_STANDARD_LIBRARIES = YES;
				CODE_SIGN_STYLE = Automatic;
				CURRENT_PROJECT_VERSION = 1;
				GENERATE_INFOPLIST_FILE = YES;
				LD_RUNPATH_SEARCH_PATHS = (
					"$(inherited)",
					"@executable_path/Frameworks",
					"@loader_path/Frameworks",
				);
				MARKETING_VERSION = 1.0;
				PRODUCT_BUNDLE_IDENTIFIER = Sam.tableViewsUITests;
				PRODUCT_NAME = "$(TARGET_NAME)";
				SWIFT_EMIT_LOC_STRINGS = NO;
				SWIFT_VERSION = 5.0;
				TARGETED_DEVICE_FAMILY = "1,2";
				TEST_TARGET_NAME = tableViews;
			};
			name = Release;
		};
/* End XCBuildConfiguration section */

/* Begin XCConfigurationList section */
		7D962BF3271476D30065529E /* Build configuration list for PBXProject "tableViews" */ = {
			isa = XCConfigurationList;
			buildConfigurations = (
				7D962C20271476D50065529E /* Debug */,
				7D962C21271476D50065529E /* Release */,
			);
			defaultConfigurationIsVisible = 0;
			defaultConfigurationName = Release;
		};
		7D962C22271476D50065529E /* Build configuration list for PBXNativeTarget "tableViews" */ = {
			isa = XCConfigurationList;
			buildConfigurations = (
				7D962C23271476D50065529E /* Debug */,
				7D962C24271476D50065529E /* Release */,
			);
			defaultConfigurationIsVisible = 0;
			defaultConfigurationName = Release;
		};
		7D962C25271476D50065529E /* Build configuration list for PBXNativeTarget "tableViewsTests" */ = {
			isa = XCConfigurationList;
			buildConfigurations = (
				7D962C26271476D50065529E /* Debug */,
				7D962C27271476D50065529E /* Release */,
			);
			defaultConfigurationIsVisible = 0;
			defaultConfigurationName = Release;
		};
		7D962C28271476D50065529E /* Build configuration list for PBXNativeTarget "tableViewsUITests" */ = {
			isa = XCConfigurationList;
			buildConfigurations = (
				7D962C29271476D50065529E /* Debug */,
				7D962C2A271476D50065529E /* Release */,
			);
			defaultConfigurationIsVisible = 0;
			defaultConfigurationName = Release;
		};
/* End XCConfigurationList section */
	};
	rootObject = 7D962BF0271476D30065529E /* Project object */;
}
