// !$*UTF8*$!
{
	archiveVersion = 1;
	classes = {
	};
	objectVersion = 55;
	objects = {

/* Begin PBXBuildFile section */
		7DB401592729A3FE001C2940 /* AppDelegate.swift in Sources */ = {isa = PBXBuildFile; fileRef = 7DB401582729A3FE001C2940 /* AppDelegate.swift */; };
		7DB4015B2729A3FE001C2940 /* SceneDelegate.swift in Sources */ = {isa = PBXBuildFile; fileRef = 7DB4015A2729A3FE001C2940 /* SceneDelegate.swift */; };
		7DB4015D2729A3FE001C2940 /* ViewController.swift in Sources */ = {isa = PBXBuildFile; fileRef = 7DB4015C2729A3FE001C2940 /* ViewController.swift */; };
		7DB401602729A3FE001C2940 /* Main.storyboard in Resources */ = {isa = PBXBuildFile; fileRef = 7DB4015E2729A3FE001C2940 /* Main.storyboard */; };
		7DB401622729A401001C2940 /* Assets.xcassets in Resources */ = {isa = PBXBuildFile; fileRef = 7DB401612729A401001C2940 /* Assets.xcassets */; };
		7DB401652729A401001C2940 /* LaunchScreen.storyboard in Resources */ = {isa = PBXBuildFile; fileRef = 7DB401632729A401001C2940 /* LaunchScreen.storyboard */; };
		7DB401702729A401001C2940 /* System_View_Controllers_ExampleTests.swift in Sources */ = {isa = PBXBuildFile; fileRef = 7DB4016F2729A401001C2940 /* System_View_Controllers_ExampleTests.swift */; };
		7DB4017A2729A401001C2940 /* System_View_Controllers_ExampleUITests.swift in Sources */ = {isa = PBXBuildFile; fileRef = 7DB401792729A401001C2940 /* System_View_Controllers_ExampleUITests.swift */; };
		7DB4017C2729A401001C2940 /* System_View_Controllers_ExampleUITestsLaunchTests.swift in Sources */ = {isa = PBXBuildFile; fileRef = 7DB4017B2729A401001C2940 /* System_View_Controllers_ExampleUITestsLaunchTests.swift */; };
/* End PBXBuildFile section */

/* Begin PBXContainerItemProxy section */
		7DB4016C2729A401001C2940 /* PBXContainerItemProxy */ = {
			isa = PBXContainerItemProxy;
			containerPortal = 7DB4014D2729A3FE001C2940 /* Project object */;
			proxyType = 1;
			remoteGlobalIDString = 7DB401542729A3FE001C2940;
			remoteInfo = "System View Controllers Example";
		};
		7DB401762729A401001C2940 /* PBXContainerItemProxy */ = {
			isa = PBXContainerItemProxy;
			containerPortal = 7DB4014D2729A3FE001C2940 /* Project object */;
			proxyType = 1;
			remoteGlobalIDString = 7DB401542729A3FE001C2940;
			remoteInfo = "System View Controllers Example";
		};
/* End PBXContainerItemProxy section */

/* Begin PBXFileReference section */
		7DB401552729A3FE001C2940 /* System View Controllers Example.app */ = {isa = PBXFileReference; explicitFileType = wrapper.application; includeInIndex = 0; path = "System View Controllers Example.app"; sourceTree = BUILT_PRODUCTS_DIR; };
		7DB401582729A3FE001C2940 /* AppDelegate.swift */ = {isa = PBXFileReference; lastKnownFileType = sourcecode.swift; path = AppDelegate.swift; sourceTree = "<group>"; };
		7DB4015A2729A3FE001C2940 /* SceneDelegate.swift */ = {isa = PBXFileReference; lastKnownFileType = sourcecode.swift; path = SceneDelegate.swift; sourceTree = "<group>"; };
		7DB4015C2729A3FE001C2940 /* ViewController.swift */ = {isa = PBXFileReference; lastKnownFileType = sourcecode.swift; path = ViewController.swift; sourceTree = "<group>"; };
		7DB4015F2729A3FE001C2940 /* Base */ = {isa = PBXFileReference; lastKnownFileType = file.storyboard; name = Base; path = Base.lproj/Main.storyboard; sourceTree = "<group>"; };
		7DB401612729A401001C2940 /* Assets.xcassets */ = {isa = PBXFileReference; lastKnownFileType = folder.assetcatalog; path = Assets.xcassets; sourceTree = "<group>"; };
		7DB401642729A401001C2940 /* Base */ = {isa = PBXFileReference; lastKnownFileType = file.storyboard; name = Base; path = Base.lproj/LaunchScreen.storyboard; sourceTree = "<group>"; };
		7DB401662729A401001C2940 /* Info.plist */ = {isa = PBXFileReference; lastKnownFileType = text.plist.xml; path = Info.plist; sourceTree = "<group>"; };
		7DB4016B2729A401001C2940 /* System View Controllers ExampleTests.xctest */ = {isa = PBXFileReference; explicitFileType = wrapper.cfbundle; includeInIndex = 0; path = "System View Controllers ExampleTests.xctest"; sourceTree = BUILT_PRODUCTS_DIR; };
		7DB4016F2729A401001C2940 /* System_View_Controllers_ExampleTests.swift */ = {isa = PBXFileReference; lastKnownFileType = sourcecode.swift; path = System_View_Controllers_ExampleTests.swift; sourceTree = "<group>"; };
		7DB401752729A401001C2940 /* System View Controllers ExampleUITests.xctest */ = {isa = PBXFileReference; explicitFileType = wrapper.cfbundle; includeInIndex = 0; path = "System View Controllers ExampleUITests.xctest"; sourceTree = BUILT_PRODUCTS_DIR; };
		7DB401792729A401001C2940 /* System_View_Controllers_ExampleUITests.swift */ = {isa = PBXFileReference; lastKnownFileType = sourcecode.swift; path = System_View_Controllers_ExampleUITests.swift; sourceTree = "<group>"; };
		7DB4017B2729A401001C2940 /* System_View_Controllers_ExampleUITestsLaunchTests.swift */ = {isa = PBXFileReference; lastKnownFileType = sourcecode.swift; path = System_View_Controllers_ExampleUITestsLaunchTests.swift; sourceTree = "<group>"; };
/* End PBXFileReference section */

/* Begin PBXFrameworksBuildPhase section */
		7DB401522729A3FE001C2940 /* Frameworks */ = {
			isa = PBXFrameworksBuildPhase;
			buildActionMask = 2147483647;
			files = (
			);
			runOnlyForDeploymentPostprocessing = 0;
		};
		7DB401682729A401001C2940 /* Frameworks */ = {
			isa = PBXFrameworksBuildPhase;
			buildActionMask = 2147483647;
			files = (
			);
			runOnlyForDeploymentPostprocessing = 0;
		};
		7DB401722729A401001C2940 /* Frameworks */ = {
			isa = PBXFrameworksBuildPhase;
			buildActionMask = 2147483647;
			files = (
			);
			runOnlyForDeploymentPostprocessing = 0;
		};
/* End PBXFrameworksBuildPhase section */

/* Begin PBXGroup section */
		7DB4014C2729A3FE001C2940 = {
			isa = PBXGroup;
			children = (
				7DB401572729A3FE001C2940 /* System View Controllers Example */,
				7DB4016E2729A401001C2940 /* System View Controllers ExampleTests */,
				7DB401782729A401001C2940 /* System View Controllers ExampleUITests */,
				7DB401562729A3FE001C2940 /* Products */,
			);
			sourceTree = "<group>";
		};
		7DB401562729A3FE001C2940 /* Products */ = {
			isa = PBXGroup;
			children = (
				7DB401552729A3FE001C2940 /* System View Controllers Example.app */,
				7DB4016B2729A401001C2940 /* System View Controllers ExampleTests.xctest */,
				7DB401752729A401001C2940 /* System View Controllers ExampleUITests.xctest */,
			);
			name = Products;
			sourceTree = "<group>";
		};
		7DB401572729A3FE001C2940 /* System View Controllers Example */ = {
			isa = PBXGroup;
			children = (
				7DB401582729A3FE001C2940 /* AppDelegate.swift */,
				7DB4015A2729A3FE001C2940 /* SceneDelegate.swift */,
				7DB4015C2729A3FE001C2940 /* ViewController.swift */,
				7DB4015E2729A3FE001C2940 /* Main.storyboard */,
				7DB401612729A401001C2940 /* Assets.xcassets */,
				7DB401632729A401001C2940 /* LaunchScreen.storyboard */,
				7DB401662729A401001C2940 /* Info.plist */,
			);
			path = "System View Controllers Example";
			sourceTree = "<group>";
		};
		7DB4016E2729A401001C2940 /* System View Controllers ExampleTests */ = {
			isa = PBXGroup;
			children = (
				7DB4016F2729A401001C2940 /* System_View_Controllers_ExampleTests.swift */,
			);
			path = "System View Controllers ExampleTests";
			sourceTree = "<group>";
		};
		7DB401782729A401001C2940 /* System View Controllers ExampleUITests */ = {
			isa = PBXGroup;
			children = (
				7DB401792729A401001C2940 /* System_View_Controllers_ExampleUITests.swift */,
				7DB4017B2729A401001C2940 /* System_View_Controllers_ExampleUITestsLaunchTests.swift */,
			);
			path = "System View Controllers ExampleUITests";
			sourceTree = "<group>";
		};
/* End PBXGroup section */

/* Begin PBXNativeTarget section */
		7DB401542729A3FE001C2940 /* System View Controllers Example */ = {
			isa = PBXNativeTarget;
			buildConfigurationList = 7DB4017F2729A401001C2940 /* Build configuration list for PBXNativeTarget "System View Controllers Example" */;
			buildPhases = (
				7DB401512729A3FE001C2940 /* Sources */,
				7DB401522729A3FE001C2940 /* Frameworks */,
				7DB401532729A3FE001C2940 /* Resources */,
			);
			buildRules = (
			);
			dependencies = (
			);
			name = "System View Controllers Example";
			productName = "System View Controllers Example";
			productReference = 7DB401552729A3FE001C2940 /* System View Controllers Example.app */;
			productType = "com.apple.product-type.application";
		};
		7DB4016A2729A401001C2940 /* System View Controllers ExampleTests */ = {
			isa = PBXNativeTarget;
			buildConfigurationList = 7DB401822729A401001C2940 /* Build configuration list for PBXNativeTarget "System View Controllers ExampleTests" */;
			buildPhases = (
				7DB401672729A401001C2940 /* Sources */,
				7DB401682729A401001C2940 /* Frameworks */,
				7DB401692729A401001C2940 /* Resources */,
			);
			buildRules = (
			);
			dependencies = (
				7DB4016D2729A401001C2940 /* PBXTargetDependency */,
			);
			name = "System View Controllers ExampleTests";
			productName = "System View Controllers ExampleTests";
			productReference = 7DB4016B2729A401001C2940 /* System View Controllers ExampleTests.xctest */;
			productType = "com.apple.product-type.bundle.unit-test";
		};
		7DB401742729A401001C2940 /* System View Controllers ExampleUITests */ = {
			isa = PBXNativeTarget;
			buildConfigurationList = 7DB401852729A401001C2940 /* Build configuration list for PBXNativeTarget "System View Controllers ExampleUITests" */;
			buildPhases = (
				7DB401712729A401001C2940 /* Sources */,
				7DB401722729A401001C2940 /* Frameworks */,
				7DB401732729A401001C2940 /* Resources */,
			);
			buildRules = (
			);
			dependencies = (
				7DB401772729A401001C2940 /* PBXTargetDependency */,
			);
			name = "System View Controllers ExampleUITests";
			productName = "System View Controllers ExampleUITests";
			productReference = 7DB401752729A401001C2940 /* System View Controllers ExampleUITests.xctest */;
			productType = "com.apple.product-type.bundle.ui-testing";
		};
/* End PBXNativeTarget section */

/* Begin PBXProject section */
		7DB4014D2729A3FE001C2940 /* Project object */ = {
			isa = PBXProject;
			attributes = {
				BuildIndependentTargetsInParallel = 1;
				LastSwiftUpdateCheck = 1310;
				LastUpgradeCheck = 1310;
				TargetAttributes = {
					7DB401542729A3FE001C2940 = {
						CreatedOnToolsVersion = 13.1;
					};
					7DB4016A2729A401001C2940 = {
						CreatedOnToolsVersion = 13.1;
						TestTargetID = 7DB401542729A3FE001C2940;
					};
					7DB401742729A401001C2940 = {
						CreatedOnToolsVersion = 13.1;
						TestTargetID = 7DB401542729A3FE001C2940;
					};
				};
			};
			buildConfigurationList = 7DB401502729A3FE001C2940 /* Build configuration list for PBXProject "System View Controllers Example" */;
			compatibilityVersion = "Xcode 13.0";
			developmentRegion = en;
			hasScannedForEncodings = 0;
			knownRegions = (
				en,
				Base,
			);
			mainGroup = 7DB4014C2729A3FE001C2940;
			productRefGroup = 7DB401562729A3FE001C2940 /* Products */;
			projectDirPath = "";
			projectRoot = "";
			targets = (
				7DB401542729A3FE001C2940 /* System View Controllers Example */,
				7DB4016A2729A401001C2940 /* System View Controllers ExampleTests */,
				7DB401742729A401001C2940 /* System View Controllers ExampleUITests */,
			);
		};
/* End PBXProject section */

/* Begin PBXResourcesBuildPhase section */
		7DB401532729A3FE001C2940 /* Resources */ = {
			isa = PBXResourcesBuildPhase;
			buildActionMask = 2147483647;
			files = (
				7DB401652729A401001C2940 /* LaunchScreen.storyboard in Resources */,
				7DB401622729A401001C2940 /* Assets.xcassets in Resources */,
				7DB401602729A3FE001C2940 /* Main.storyboard in Resources */,
			);
			runOnlyForDeploymentPostprocessing = 0;
		};
		7DB401692729A401001C2940 /* Resources */ = {
			isa = PBXResourcesBuildPhase;
			buildActionMask = 2147483647;
			files = (
			);
			runOnlyForDeploymentPostprocessing = 0;
		};
		7DB401732729A401001C2940 /* Resources */ = {
			isa = PBXResourcesBuildPhase;
			buildActionMask = 2147483647;
			files = (
			);
			runOnlyForDeploymentPostprocessing = 0;
		};
/* End PBXResourcesBuildPhase section */

/* Begin PBXSourcesBuildPhase section */
		7DB401512729A3FE001C2940 /* Sources */ = {
			isa = PBXSourcesBuildPhase;
			buildActionMask = 2147483647;
			files = (
				7DB4015D2729A3FE001C2940 /* ViewController.swift in Sources */,
				7DB401592729A3FE001C2940 /* AppDelegate.swift in Sources */,
				7DB4015B2729A3FE001C2940 /* SceneDelegate.swift in Sources */,
			);
			runOnlyForDeploymentPostprocessing = 0;
		};
		7DB401672729A401001C2940 /* Sources */ = {
			isa = PBXSourcesBuildPhase;
			buildActionMask = 2147483647;
			files = (
				7DB401702729A401001C2940 /* System_View_Controllers_ExampleTests.swift in Sources */,
			);
			runOnlyForDeploymentPostprocessing = 0;
		};
		7DB401712729A401001C2940 /* Sources */ = {
			isa = PBXSourcesBuildPhase;
			buildActionMask = 2147483647;
			files = (
				7DB4017A2729A401001C2940 /* System_View_Controllers_ExampleUITests.swift in Sources */,
				7DB4017C2729A401001C2940 /* System_View_Controllers_ExampleUITestsLaunchTests.swift in Sources */,
			);
			runOnlyForDeploymentPostprocessing = 0;
		};
/* End PBXSourcesBuildPhase section */

/* Begin PBXTargetDependency section */
		7DB4016D2729A401001C2940 /* PBXTargetDependency */ = {
			isa = PBXTargetDependency;
			target = 7DB401542729A3FE001C2940 /* System View Controllers Example */;
			targetProxy = 7DB4016C2729A401001C2940 /* PBXContainerItemProxy */;
		};
		7DB401772729A401001C2940 /* PBXTargetDependency */ = {
			isa = PBXTargetDependency;
			target = 7DB401542729A3FE001C2940 /* System View Controllers Example */;
			targetProxy = 7DB401762729A401001C2940 /* PBXContainerItemProxy */;
		};
/* End PBXTargetDependency section */

/* Begin PBXVariantGroup section */
		7DB4015E2729A3FE001C2940 /* Main.storyboard */ = {
			isa = PBXVariantGroup;
			children = (
				7DB4015F2729A3FE001C2940 /* Base */,
			);
			name = Main.storyboard;
			sourceTree = "<group>";
		};
		7DB401632729A401001C2940 /* LaunchScreen.storyboard */ = {
			isa = PBXVariantGroup;
			children = (
				7DB401642729A401001C2940 /* Base */,
			);
			name = LaunchScreen.storyboard;
			sourceTree = "<group>";
		};
/* End PBXVariantGroup section */

/* Begin XCBuildConfiguration section */
		7DB4017D2729A401001C2940 /* Debug */ = {
			isa = XCBuildConfiguration;
			buildSettings = {
				ALWAYS_SEARCH_USER_PATHS = NO;
				CLANG_ANALYZER_NONNULL = YES;
				CLANG_ANALYZER_NUMBER_OBJECT_CONVERSION = YES_AGGRESSIVE;
				CLANG_CXX_LANGUAGE_STANDARD = "gnu++17";
				CLANG_CXX_LIBRARY = "libc++";
				CLANG_ENABLE_MODULES = YES;
				CLANG_ENABLE_OBJC_ARC = YES;
				CLANG_ENABLE_OBJC_WEAK = YES;
				CLANG_WARN_BLOCK_CAPTURE_AUTORELEASING = YES;
				CLANG_WARN_BOOL_CONVERSION = YES;
				CLANG_WARN_COMMA = YES;
				CLANG_WARN_CONSTANT_CONVERSION = YES;
				CLANG_WARN_DEPRECATED_OBJC_IMPLEMENTATIONS = YES;
				CLANG_WARN_DIRECT_OBJC_ISA_USAGE = YES_ERROR;
				CLANG_WARN_DOCUMENTATION_COMMENTS = YES;
				CLANG_WARN_EMPTY_BODY = YES;
				CLANG_WARN_ENUM_CONVERSION = YES;
				CLANG_WARN_INFINITE_RECURSION = YES;
				CLANG_WARN_INT_CONVERSION = YES;
				CLANG_WARN_NON_LITERAL_NULL_CONVERSION = YES;
				CLANG_WARN_OBJC_IMPLICIT_RETAIN_SELF = YES;
				CLANG_WARN_OBJC_LITERAL_CONVERSION = YES;
				CLANG_WARN_OBJC_ROOT_CLASS = YES_ERROR;
				CLANG_WARN_QUOTED_INCLUDE_IN_FRAMEWORK_HEADER = YES;
				CLANG_WARN_RANGE_LOOP_ANALYSIS = YES;
				CLANG_WARN_STRICT_PROTOTYPES = YES;
				CLANG_WARN_SUSPICIOUS_MOVE = YES;
				CLANG_WARN_UNGUARDED_AVAILABILITY = YES_AGGRESSIVE;
				CLANG_WARN_UNREACHABLE_CODE = YES;
				CLANG_WARN__DUPLICATE_METHOD_MATCH = YES;
				COPY_PHASE_STRIP = NO;
				DEBUG_INFORMATION_FORMAT = dwarf;
				ENABLE_STRICT_OBJC_MSGSEND = YES;
				ENABLE_TESTABILITY = YES;
				GCC_C_LANGUAGE_STANDARD = gnu11;
				GCC_DYNAMIC_NO_PIC = NO;
				GCC_NO_COMMON_BLOCKS = YES;
				GCC_OPTIMIZATION_LEVEL = 0;
				GCC_PREPROCESSOR_DEFINITIONS = (
					"DEBUG=1",
					"$(inherited)",
				);
				GCC_WARN_64_TO_32_BIT_CONVERSION = YES;
				GCC_WARN_ABOUT_RETURN_TYPE = YES_ERROR;
				GCC_WARN_UNDECLARED_SELECTOR = YES;
				GCC_WARN_UNINITIALIZED_AUTOS = YES_AGGRESSIVE;
				GCC_WARN_UNUSED_FUNCTION = YES;
				GCC_WARN_UNUSED_VARIABLE = YES;
				IPHONEOS_DEPLOYMENT_TARGET = 15.0;
				MTL_ENABLE_DEBUG_INFO = INCLUDE_SOURCE;
				MTL_FAST_MATH = YES;
				ONLY_ACTIVE_ARCH = YES;
				SDKROOT = iphoneos;
				SWIFT_ACTIVE_COMPILATION_CONDITIONS = DEBUG;
				SWIFT_OPTIMIZATION_LEVEL = "-Onone";
			};
			name = Debug;
		};
		7DB4017E2729A401001C2940 /* Release */ = {
			isa = XCBuildConfiguration;
			buildSettings = {
				ALWAYS_SEARCH_USER_PATHS = NO;
				CLANG_ANALYZER_NONNULL = YES;
				CLANG_ANALYZER_NUMBER_OBJECT_CONVERSION = YES_AGGRESSIVE;
				CLANG_CXX_LANGUAGE_STANDARD = "gnu++17";
				CLANG_CXX_LIBRARY = "libc++";
				CLANG_ENABLE_MODULES = YES;
				CLANG_ENABLE_OBJC_ARC = YES;
				CLANG_ENABLE_OBJC_WEAK = YES;
				CLANG_WARN_BLOCK_CAPTURE_AUTORELEASING = YES;
				CLANG_WARN_BOOL_CONVERSION = YES;
				CLANG_WARN_COMMA = YES;
				CLANG_WARN_CONSTANT_CONVERSION = YES;
				CLANG_WARN_DEPRECATED_OBJC_IMPLEMENTATIONS = YES;
				CLANG_WARN_DIRECT_OBJC_ISA_USAGE = YES_ERROR;
				CLANG_WARN_DOCUMENTATION_COMMENTS = YES;
				CLANG_WARN_EMPTY_BODY = YES;
				CLANG_WARN_ENUM_CONVERSION = YES;
				CLANG_WARN_INFINITE_RECURSION = YES;
				CLANG_WARN_INT_CONVERSION = YES;
				CLANG_WARN_NON_LITERAL_NULL_CONVERSION = YES;
				CLANG_WARN_OBJC_IMPLICIT_RETAIN_SELF = YES;
				CLANG_WARN_OBJC_LITERAL_CONVERSION = YES;
				CLANG_WARN_OBJC_ROOT_CLASS = YES_ERROR;
				CLANG_WARN_QUOTED_INCLUDE_IN_FRAMEWORK_HEADER = YES;
				CLANG_WARN_RANGE_LOOP_ANALYSIS = YES;
				CLANG_WARN_STRICT_PROTOTYPES = YES;
				CLANG_WARN_SUSPICIOUS_MOVE = YES;
				CLANG_WARN_UNGUARDED_AVAILABILITY = YES_AGGRESSIVE;
				CLANG_WARN_UNREACHABLE_CODE = YES;
				CLANG_WARN__DUPLICATE_METHOD_MATCH = YES;
				COPY_PHASE_STRIP = NO;
				DEBUG_INFORMATION_FORMAT = "dwarf-with-dsym";
				ENABLE_NS_ASSERTIONS = NO;
				ENABLE_STRICT_OBJC_MSGSEND = YES;
				GCC_C_LANGUAGE_STANDARD = gnu11;
				GCC_NO_COMMON_BLOCKS = YES;
				GCC_WARN_64_TO_32_BIT_CONVERSION = YES;
				GCC_WARN_ABOUT_RETURN_TYPE = YES_ERROR;
				GCC_WARN_UNDECLARED_SELECTOR = YES;
				GCC_WARN_UNINITIALIZED_AUTOS = YES_AGGRESSIVE;
				GCC_WARN_UNUSED_FUNCTION = YES;
				GCC_WARN_UNUSED_VARIABLE = YES;
				IPHONEOS_DEPLOYMENT_TARGET = 15.0;
				MTL_ENABLE_DEBUG_INFO = NO;
				MTL_FAST_MATH = YES;
				SDKROOT = iphoneos;
				SWIFT_COMPILATION_MODE = wholemodule;
				SWIFT_OPTIMIZATION_LEVEL = "-O";
				VALIDATE_PRODUCT = YES;
			};
			name = Release;
		};
		7DB401802729A401001C2940 /* Debug */ = {
			isa = XCBuildConfiguration;
			buildSettings = {
				ASSETCATALOG_COMPILER_APPICON_NAME = AppIcon;
				ASSETCATALOG_COMPILER_GLOBAL_ACCENT_COLOR_NAME = AccentColor;
				CODE_SIGN_STYLE = Automatic;
				CURRENT_PROJECT_VERSION = 1;
				GENERATE_INFOPLIST_FILE = YES;
				INFOPLIST_FILE = "System View Controllers Example/Info.plist";
				INFOPLIST_KEY_UIApplicationSupportsIndirectInputEvents = YES;
				INFOPLIST_KEY_UILaunchStoryboardName = LaunchScreen;
				INFOPLIST_KEY_UIMainStoryboardFile = Main;
				INFOPLIST_KEY_UISupportedInterfaceOrientations_iPad = "UIInterfaceOrientationPortrait UIInterfaceOrientationPortraitUpsideDown UIInterfaceOrientationLandscapeLeft UIInterfaceOrientationLandscapeRight";
				INFOPLIST_KEY_UISupportedInterfaceOrientations_iPhone = "UIInterfaceOrientationPortrait UIInterfaceOrientationLandscapeLeft UIInterfaceOrientationLandscapeRight";
				LD_RUNPATH_SEARCH_PATHS = (
					"$(inherited)",
					"@executable_path/Frameworks",
				);
				MARKETING_VERSION = 1.0;
				PRODUCT_BUNDLE_IDENTIFIER = "Sam.System-View-Controllers-Example";
				PRODUCT_NAME = "$(TARGET_NAME)";
				SWIFT_EMIT_LOC_STRINGS = YES;
				SWIFT_VERSION = 5.0;
				TARGETED_DEVICE_FAMILY = "1,2";
			};
			name = Debug;
		};
		7DB401812729A401001C2940 /* Release */ = {
			isa = XCBuildConfiguration;
			buildSettings = {
				ASSETCATALOG_COMPILER_APPICON_NAME = AppIcon;
				ASSETCATALOG_COMPILER_GLOBAL_ACCENT_COLOR_NAME = AccentColor;
				CODE_SIGN_STYLE = Automatic;
				CURRENT_PROJECT_VERSION = 1;
				GENERATE_INFOPLIST_FILE = YES;
				INFOPLIST_FILE = "System View Controllers Example/Info.plist";
				INFOPLIST_KEY_UIApplicationSupportsIndirectInputEvents = YES;
				INFOPLIST_KEY_UILaunchStoryboardName = LaunchScreen;
				INFOPLIST_KEY_UIMainStoryboardFile = Main;
				INFOPLIST_KEY_UISupportedInterfaceOrientations_iPad = "UIInterfaceOrientationPortrait UIInterfaceOrientationPortraitUpsideDown UIInterfaceOrientationLandscapeLeft UIInterfaceOrientationLandscapeRight";
				INFOPLIST_KEY_UISupportedInterfaceOrientations_iPhone = "UIInterfaceOrientationPortrait UIInterfaceOrientationLandscapeLeft UIInterfaceOrientationLandscapeRight";
				LD_RUNPATH_SEARCH_PATHS = (
					"$(inherited)",
					"@executable_path/Frameworks",
				);
				MARKETING_VERSION = 1.0;
				PRODUCT_BUNDLE_IDENTIFIER = "Sam.System-View-Controllers-Example";
				PRODUCT_NAME = "$(TARGET_NAME)";
				SWIFT_EMIT_LOC_STRINGS = YES;
				SWIFT_VERSION = 5.0;
				TARGETED_DEVICE_FAMILY = "1,2";
			};
			name = Release;
		};
		7DB401832729A401001C2940 /* Debug */ = {
			isa = XCBuildConfiguration;
			buildSettings = {
				ALWAYS_EMBED_SWIFT_STANDARD_LIBRARIES = YES;
				BUNDLE_LOADER = "$(TEST_HOST)";
				CODE_SIGN_STYLE = Automatic;
				CURRENT_PROJECT_VERSION = 1;
				GENERATE_INFOPLIST_FILE = YES;
				IPHONEOS_DEPLOYMENT_TARGET = 15.0;
				LD_RUNPATH_SEARCH_PATHS = (
					"$(inherited)",
					"@executable_path/Frameworks",
					"@loader_path/Frameworks",
				);
				MARKETING_VERSION = 1.0;
				PRODUCT_BUNDLE_IDENTIFIER = "Sam.System-View-Controllers-ExampleTests";
				PRODUCT_NAME = "$(TARGET_NAME)";
				SWIFT_EMIT_LOC_STRINGS = NO;
				SWIFT_VERSION = 5.0;
				TARGETED_DEVICE_FAMILY = "1,2";
				TEST_HOST = "$(BUILT_PRODUCTS_DIR)/System View Controllers Example.app/System View Controllers Example";
			};
			name = Debug;
		};
		7DB401842729A401001C2940 /* Release */ = {
			isa = XCBuildConfiguration;
			buildSettings = {
				ALWAYS_EMBED_SWIFT_STANDARD_LIBRARIES = YES;
				BUNDLE_LOADER = "$(TEST_HOST)";
				CODE_SIGN_STYLE = Automatic;
				CURRENT_PROJECT_VERSION = 1;
				GENERATE_INFOPLIST_FILE = YES;
				IPHONEOS_DEPLOYMENT_TARGET = 15.0;
				LD_RUNPATH_SEARCH_PATHS = (
					"$(inherited)",
					"@executable_path/Frameworks",
					"@loader_path/Frameworks",
				);
				MARKETING_VERSION = 1.0;
				PRODUCT_BUNDLE_IDENTIFIER = "Sam.System-View-Controllers-ExampleTests";
				PRODUCT_NAME = "$(TARGET_NAME)";
				SWIFT_EMIT_LOC_STRINGS = NO;
				SWIFT_VERSION = 5.0;
				TARGETED_DEVICE_FAMILY = "1,2";
				TEST_HOST = "$(BUILT_PRODUCTS_DIR)/System View Controllers Example.app/System View Controllers Example";
			};
			name = Release;
		};
		7DB401862729A401001C2940 /* Debug */ = {
			isa = XCBuildConfiguration;
			buildSettings = {
				ALWAYS_EMBED_SWIFT_STANDARD_LIBRARIES = YES;
				CODE_SIGN_STYLE = Automatic;
				CURRENT_PROJECT_VERSION = 1;
				GENERATE_INFOPLIST_FILE = YES;
				LD_RUNPATH_SEARCH_PATHS = (
					"$(inherited)",
					"@executable_path/Frameworks",
					"@loader_path/Frameworks",
				);
				MARKETING_VERSION = 1.0;
				PRODUCT_BUNDLE_IDENTIFIER = "Sam.System-View-Controllers-ExampleUITests";
				PRODUCT_NAME = "$(TARGET_NAME)";
				SWIFT_EMIT_LOC_STRINGS = NO;
				SWIFT_VERSION = 5.0;
				TARGETED_DEVICE_FAMILY = "1,2";
				TEST_TARGET_NAME = "System View Controllers Example";
			};
			name = Debug;
		};
		7DB401872729A401001C2940 /* Release */ = {
			isa = XCBuildConfiguration;
			buildSettings = {
				ALWAYS_EMBED_SWIFT_STANDARD_LIBRARIES = YES;
				CODE_SIGN_STYLE = Automatic;
				CURRENT_PROJECT_VERSION = 1;
				GENERATE_INFOPLIST_FILE = YES;
				LD_RUNPATH_SEARCH_PATHS = (
					"$(inherited)",
					"@executable_path/Frameworks",
					"@loader_path/Frameworks",
				);
				MARKETING_VERSION = 1.0;
				PRODUCT_BUNDLE_IDENTIFIER = "Sam.System-View-Controllers-ExampleUITests";
				PRODUCT_NAME = "$(TARGET_NAME)";
				SWIFT_EMIT_LOC_STRINGS = NO;
				SWIFT_VERSION = 5.0;
				TARGETED_DEVICE_FAMILY = "1,2";
				TEST_TARGET_NAME = "System View Controllers Example";
			};
			name = Release;
		};
/* End XCBuildConfiguration section */

/* Begin XCConfigurationList section */
		7DB401502729A3FE001C2940 /* Build configuration list for PBXProject "System View Controllers Example" */ = {
			isa = XCConfigurationList;
			buildConfigurations = (
				7DB4017D2729A401001C2940 /* Debug */,
				7DB4017E2729A401001C2940 /* Release */,
			);
			defaultConfigurationIsVisible = 0;
			defaultConfigurationName = Release;
		};
		7DB4017F2729A401001C2940 /* Build configuration list for PBXNativeTarget "System View Controllers Example" */ = {
			isa = XCConfigurationList;
			buildConfigurations = (
				7DB401802729A401001C2940 /* Debug */,
				7DB401812729A401001C2940 /* Release */,
			);
			defaultConfigurationIsVisible = 0;
			defaultConfigurationName = Release;
		};
		7DB401822729A401001C2940 /* Build configuration list for PBXNativeTarget "System View Controllers ExampleTests" */ = {
			isa = XCConfigurationList;
			buildConfigurations = (
				7DB401832729A401001C2940 /* Debug */,
				7DB401842729A401001C2940 /* Release */,
			);
			defaultConfigurationIsVisible = 0;
			defaultConfigurationName = Release;
		};
		7DB401852729A401001C2940 /* Build configuration list for PBXNativeTarget "System View Controllers ExampleUITests" */ = {
			isa = XCConfigurationList;
			buildConfigurations = (
				7DB401862729A401001C2940 /* Debug */,
				7DB401872729A401001C2940 /* Release */,
			);
			defaultConfigurationIsVisible = 0;
			defaultConfigurationName = Release;
		};
/* End XCConfigurationList section */
	};
	rootObject = 7DB4014D2729A3FE001C2940 /* Project object */;
}
