// !$*UTF8*$!
{
	archiveVersion = 1;
	classes = {
	};
	objectVersion = 55;
	objects = {

/* Begin PBXBuildFile section */
		7DF73E17273AD07600284C37 /* AppDelegate.swift in Sources */ = {isa = PBXBuildFile; fileRef = 7DF73E16273AD07600284C37 /* AppDelegate.swift */; };
		7DF73E19273AD07600284C37 /* SceneDelegate.swift in Sources */ = {isa = PBXBuildFile; fileRef = 7DF73E18273AD07600284C37 /* SceneDelegate.swift */; };
		7DF73E1B273AD07600284C37 /* ViewController.swift in Sources */ = {isa = PBXBuildFile; fileRef = 7DF73E1A273AD07600284C37 /* ViewController.swift */; };
		7DF73E1E273AD07600284C37 /* Main.storyboard in Resources */ = {isa = PBXBuildFile; fileRef = 7DF73E1C273AD07600284C37 /* Main.storyboard */; };
		7DF73E20273AD07800284C37 /* Assets.xcassets in Resources */ = {isa = PBXBuildFile; fileRef = 7DF73E1F273AD07800284C37 /* Assets.xcassets */; };
		7DF73E23273AD07800284C37 /* LaunchScreen.storyboard in Resources */ = {isa = PBXBuildFile; fileRef = 7DF73E21273AD07800284C37 /* LaunchScreen.storyboard */; };
		7DF73E2E273AD07800284C37 /* MusicWireFrameTests.swift in Sources */ = {isa = PBXBuildFile; fileRef = 7DF73E2D273AD07800284C37 /* MusicWireFrameTests.swift */; };
		7DF73E38273AD07800284C37 /* MusicWireFrameUITests.swift in Sources */ = {isa = PBXBuildFile; fileRef = 7DF73E37273AD07800284C37 /* MusicWireFrameUITests.swift */; };
		7DF73E3A273AD07800284C37 /* MusicWireFrameUITestsLaunchTests.swift in Sources */ = {isa = PBXBuildFile; fileRef = 7DF73E39273AD07800284C37 /* MusicWireFrameUITestsLaunchTests.swift */; };
/* End PBXBuildFile section */

/* Begin PBXContainerItemProxy section */
		7DF73E2A273AD07800284C37 /* PBXContainerItemProxy */ = {
			isa = PBXContainerItemProxy;
			containerPortal = 7DF73E0B273AD07600284C37 /* Project object */;
			proxyType = 1;
			remoteGlobalIDString = 7DF73E12273AD07600284C37;
			remoteInfo = MusicWireFrame;
		};
		7DF73E34273AD07800284C37 /* PBXContainerItemProxy */ = {
			isa = PBXContainerItemProxy;
			containerPortal = 7DF73E0B273AD07600284C37 /* Project object */;
			proxyType = 1;
			remoteGlobalIDString = 7DF73E12273AD07600284C37;
			remoteInfo = MusicWireFrame;
		};
/* End PBXContainerItemProxy section */

/* Begin PBXFileReference section */
		7DF73E13273AD07600284C37 /* MusicWireFrame.app */ = {isa = PBXFileReference; explicitFileType = wrapper.application; includeInIndex = 0; path = MusicWireFrame.app; sourceTree = BUILT_PRODUCTS_DIR; };
		7DF73E16273AD07600284C37 /* AppDelegate.swift */ = {isa = PBXFileReference; lastKnownFileType = sourcecode.swift; path = AppDelegate.swift; sourceTree = "<group>"; };
		7DF73E18273AD07600284C37 /* SceneDelegate.swift */ = {isa = PBXFileReference; lastKnownFileType = sourcecode.swift; path = SceneDelegate.swift; sourceTree = "<group>"; };
		7DF73E1A273AD07600284C37 /* ViewController.swift */ = {isa = PBXFileReference; lastKnownFileType = sourcecode.swift; path = ViewController.swift; sourceTree = "<group>"; };
		7DF73E1D273AD07600284C37 /* Base */ = {isa = PBXFileReference; lastKnownFileType = file.storyboard; name = Base; path = Base.lproj/Main.storyboard; sourceTree = "<group>"; };
		7DF73E1F273AD07800284C37 /* Assets.xcassets */ = {isa = PBXFileReference; lastKnownFileType = folder.assetcatalog; path = Assets.xcassets; sourceTree = "<group>"; };
		7DF73E22273AD07800284C37 /* Base */ = {isa = PBXFileReference; lastKnownFileType = file.storyboard; name = Base; path = Base.lproj/LaunchScreen.storyboard; sourceTree = "<group>"; };
		7DF73E24273AD07800284C37 /* Info.plist */ = {isa = PBXFileReference; lastKnownFileType = text.plist.xml; path = Info.plist; sourceTree = "<group>"; };
		7DF73E29273AD07800284C37 /* MusicWireFrameTests.xctest */ = {isa = PBXFileReference; explicitFileType = wrapper.cfbundle; includeInIndex = 0; path = MusicWireFrameTests.xctest; sourceTree = BUILT_PRODUCTS_DIR; };
		7DF73E2D273AD07800284C37 /* MusicWireFrameTests.swift */ = {isa = PBXFileReference; lastKnownFileType = sourcecode.swift; path = MusicWireFrameTests.swift; sourceTree = "<group>"; };
		7DF73E33273AD07800284C37 /* MusicWireFrameUITests.xctest */ = {isa = PBXFileReference; explicitFileType = wrapper.cfbundle; includeInIndex = 0; path = MusicWireFrameUITests.xctest; sourceTree = BUILT_PRODUCTS_DIR; };
		7DF73E37273AD07800284C37 /* MusicWireFrameUITests.swift */ = {isa = PBXFileReference; lastKnownFileType = sourcecode.swift; path = MusicWireFrameUITests.swift; sourceTree = "<group>"; };
		7DF73E39273AD07800284C37 /* MusicWireFrameUITestsLaunchTests.swift */ = {isa = PBXFileReference; lastKnownFileType = sourcecode.swift; path = MusicWireFrameUITestsLaunchTests.swift; sourceTree = "<group>"; };
/* End PBXFileReference section */

/* Begin PBXFrameworksBuildPhase section */
		7DF73E10273AD07600284C37 /* Frameworks */ = {
			isa = PBXFrameworksBuildPhase;
			buildActionMask = 2147483647;
			files = (
			);
			runOnlyForDeploymentPostprocessing = 0;
		};
		7DF73E26273AD07800284C37 /* Frameworks */ = {
			isa = PBXFrameworksBuildPhase;
			buildActionMask = 2147483647;
			files = (
			);
			runOnlyForDeploymentPostprocessing = 0;
		};
		7DF73E30273AD07800284C37 /* Frameworks */ = {
			isa = PBXFrameworksBuildPhase;
			buildActionMask = 2147483647;
			files = (
			);
			runOnlyForDeploymentPostprocessing = 0;
		};
/* End PBXFrameworksBuildPhase section */

/* Begin PBXGroup section */
		7DF73E0A273AD07600284C37 = {
			isa = PBXGroup;
			children = (
				7DF73E15273AD07600284C37 /* MusicWireFrame */,
				7DF73E2C273AD07800284C37 /* MusicWireFrameTests */,
				7DF73E36273AD07800284C37 /* MusicWireFrameUITests */,
				7DF73E14273AD07600284C37 /* Products */,
			);
			sourceTree = "<group>";
		};
		7DF73E14273AD07600284C37 /* Products */ = {
			isa = PBXGroup;
			children = (
				7DF73E13273AD07600284C37 /* MusicWireFrame.app */,
				7DF73E29273AD07800284C37 /* MusicWireFrameTests.xctest */,
				7DF73E33273AD07800284C37 /* MusicWireFrameUITests.xctest */,
			);
			name = Products;
			sourceTree = "<group>";
		};
		7DF73E15273AD07600284C37 /* MusicWireFrame */ = {
			isa = PBXGroup;
			children = (
				7DF73E16273AD07600284C37 /* AppDelegate.swift */,
				7DF73E18273AD07600284C37 /* SceneDelegate.swift */,
				7DF73E1A273AD07600284C37 /* ViewController.swift */,
				7DF73E1C273AD07600284C37 /* Main.storyboard */,
				7DF73E1F273AD07800284C37 /* Assets.xcassets */,
				7DF73E21273AD07800284C37 /* LaunchScreen.storyboard */,
				7DF73E24273AD07800284C37 /* Info.plist */,
			);
			path = MusicWireFrame;
			sourceTree = "<group>";
		};
		7DF73E2C273AD07800284C37 /* MusicWireFrameTests */ = {
			isa = PBXGroup;
			children = (
				7DF73E2D273AD07800284C37 /* MusicWireFrameTests.swift */,
			);
			path = MusicWireFrameTests;
			sourceTree = "<group>";
		};
		7DF73E36273AD07800284C37 /* MusicWireFrameUITests */ = {
			isa = PBXGroup;
			children = (
				7DF73E37273AD07800284C37 /* MusicWireFrameUITests.swift */,
				7DF73E39273AD07800284C37 /* MusicWireFrameUITestsLaunchTests.swift */,
			);
			path = MusicWireFrameUITests;
			sourceTree = "<group>";
		};
/* End PBXGroup section */

/* Begin PBXNativeTarget section */
		7DF73E12273AD07600284C37 /* MusicWireFrame */ = {
			isa = PBXNativeTarget;
			buildConfigurationList = 7DF73E3D273AD07800284C37 /* Build configuration list for PBXNativeTarget "MusicWireFrame" */;
			buildPhases = (
				7DF73E0F273AD07600284C37 /* Sources */,
				7DF73E10273AD07600284C37 /* Frameworks */,
				7DF73E11273AD07600284C37 /* Resources */,
			);
			buildRules = (
			);
			dependencies = (
			);
			name = MusicWireFrame;
			productName = MusicWireFrame;
			productReference = 7DF73E13273AD07600284C37 /* MusicWireFrame.app */;
			productType = "com.apple.product-type.application";
		};
		7DF73E28273AD07800284C37 /* MusicWireFrameTests */ = {
			isa = PBXNativeTarget;
			buildConfigurationList = 7DF73E40273AD07800284C37 /* Build configuration list for PBXNativeTarget "MusicWireFrameTests" */;
			buildPhases = (
				7DF73E25273AD07800284C37 /* Sources */,
				7DF73E26273AD07800284C37 /* Frameworks */,
				7DF73E27273AD07800284C37 /* Resources */,
			);
			buildRules = (
			);
			dependencies = (
				7DF73E2B273AD07800284C37 /* PBXTargetDependency */,
			);
			name = MusicWireFrameTests;
			productName = MusicWireFrameTests;
			productReference = 7DF73E29273AD07800284C37 /* MusicWireFrameTests.xctest */;
			productType = "com.apple.product-type.bundle.unit-test";
		};
		7DF73E32273AD07800284C37 /* MusicWireFrameUITests */ = {
			isa = PBXNativeTarget;
			buildConfigurationList = 7DF73E43273AD07800284C37 /* Build configuration list for PBXNativeTarget "MusicWireFrameUITests" */;
			buildPhases = (
				7DF73E2F273AD07800284C37 /* Sources */,
				7DF73E30273AD07800284C37 /* Frameworks */,
				7DF73E31273AD07800284C37 /* Resources */,
			);
			buildRules = (
			);
			dependencies = (
				7DF73E35273AD07800284C37 /* PBXTargetDependency */,
			);
			name = MusicWireFrameUITests;
			productName = MusicWireFrameUITests;
			productReference = 7DF73E33273AD07800284C37 /* MusicWireFrameUITests.xctest */;
			productType = "com.apple.product-type.bundle.ui-testing";
		};
/* End PBXNativeTarget section */

/* Begin PBXProject section */
		7DF73E0B273AD07600284C37 /* Project object */ = {
			isa = PBXProject;
			attributes = {
				BuildIndependentTargetsInParallel = 1;
				LastSwiftUpdateCheck = 1310;
				LastUpgradeCheck = 1310;
				TargetAttributes = {
					7DF73E12273AD07600284C37 = {
						CreatedOnToolsVersion = 13.1;
					};
					7DF73E28273AD07800284C37 = {
						CreatedOnToolsVersion = 13.1;
						TestTargetID = 7DF73E12273AD07600284C37;
					};
					7DF73E32273AD07800284C37 = {
						CreatedOnToolsVersion = 13.1;
						TestTargetID = 7DF73E12273AD07600284C37;
					};
				};
			};
			buildConfigurationList = 7DF73E0E273AD07600284C37 /* Build configuration list for PBXProject "MusicWireFrame" */;
			compatibilityVersion = "Xcode 13.0";
			developmentRegion = en;
			hasScannedForEncodings = 0;
			knownRegions = (
				en,
				Base,
			);
			mainGroup = 7DF73E0A273AD07600284C37;
			productRefGroup = 7DF73E14273AD07600284C37 /* Products */;
			projectDirPath = "";
			projectRoot = "";
			targets = (
				7DF73E12273AD07600284C37 /* MusicWireFrame */,
				7DF73E28273AD07800284C37 /* MusicWireFrameTests */,
				7DF73E32273AD07800284C37 /* MusicWireFrameUITests */,
			);
		};
/* End PBXProject section */

/* Begin PBXResourcesBuildPhase section */
		7DF73E11273AD07600284C37 /* Resources */ = {
			isa = PBXResourcesBuildPhase;
			buildActionMask = 2147483647;
			files = (
				7DF73E23273AD07800284C37 /* LaunchScreen.storyboard in Resources */,
				7DF73E20273AD07800284C37 /* Assets.xcassets in Resources */,
				7DF73E1E273AD07600284C37 /* Main.storyboard in Resources */,
			);
			runOnlyForDeploymentPostprocessing = 0;
		};
		7DF73E27273AD07800284C37 /* Resources */ = {
			isa = PBXResourcesBuildPhase;
			buildActionMask = 2147483647;
			files = (
			);
			runOnlyForDeploymentPostprocessing = 0;
		};
		7DF73E31273AD07800284C37 /* Resources */ = {
			isa = PBXResourcesBuildPhase;
			buildActionMask = 2147483647;
			files = (
			);
			runOnlyForDeploymentPostprocessing = 0;
		};
/* End PBXResourcesBuildPhase section */

/* Begin PBXSourcesBuildPhase section */
		7DF73E0F273AD07600284C37 /* Sources */ = {
			isa = PBXSourcesBuildPhase;
			buildActionMask = 2147483647;
			files = (
				7DF73E1B273AD07600284C37 /* ViewController.swift in Sources */,
				7DF73E17273AD07600284C37 /* AppDelegate.swift in Sources */,
				7DF73E19273AD07600284C37 /* SceneDelegate.swift in Sources */,
			);
			runOnlyForDeploymentPostprocessing = 0;
		};
		7DF73E25273AD07800284C37 /* Sources */ = {
			isa = PBXSourcesBuildPhase;
			buildActionMask = 2147483647;
			files = (
				7DF73E2E273AD07800284C37 /* MusicWireFrameTests.swift in Sources */,
			);
			runOnlyForDeploymentPostprocessing = 0;
		};
		7DF73E2F273AD07800284C37 /* Sources */ = {
			isa = PBXSourcesBuildPhase;
			buildActionMask = 2147483647;
			files = (
				7DF73E38273AD07800284C37 /* MusicWireFrameUITests.swift in Sources */,
				7DF73E3A273AD07800284C37 /* MusicWireFrameUITestsLaunchTests.swift in Sources */,
			);
			runOnlyForDeploymentPostprocessing = 0;
		};
/* End PBXSourcesBuildPhase section */

/* Begin PBXTargetDependency section */
		7DF73E2B273AD07800284C37 /* PBXTargetDependency */ = {
			isa = PBXTargetDependency;
			target = 7DF73E12273AD07600284C37 /* MusicWireFrame */;
			targetProxy = 7DF73E2A273AD07800284C37 /* PBXContainerItemProxy */;
		};
		7DF73E35273AD07800284C37 /* PBXTargetDependency */ = {
			isa = PBXTargetDependency;
			target = 7DF73E12273AD07600284C37 /* MusicWireFrame */;
			targetProxy = 7DF73E34273AD07800284C37 /* PBXContainerItemProxy */;
		};
/* End PBXTargetDependency section */

/* Begin PBXVariantGroup section */
		7DF73E1C273AD07600284C37 /* Main.storyboard */ = {
			isa = PBXVariantGroup;
			children = (
				7DF73E1D273AD07600284C37 /* Base */,
			);
			name = Main.storyboard;
			sourceTree = "<group>";
		};
		7DF73E21273AD07800284C37 /* LaunchScreen.storyboard */ = {
			isa = PBXVariantGroup;
			children = (
				7DF73E22273AD07800284C37 /* Base */,
			);
			name = LaunchScreen.storyboard;
			sourceTree = "<group>";
		};
/* End PBXVariantGroup section */

/* Begin XCBuildConfiguration section */
		7DF73E3B273AD07800284C37 /* Debug */ = {
			isa = XCBuildConfiguration;
			buildSettings = {
				ALWAYS_SEARCH_USER_PATHS = NO;
				CLANG_ANALYZER_NONNULL = YES;
				CLANG_ANALYZER_NUMBER_OBJECT_CONVERSION = YES_AGGRESSIVE;
				CLANG_CXX_LANGUAGE_STANDARD = "gnu++17";
				CLANG_CXX_LIBRARY = "libc++";
				CLANG_ENABLE_MODULES = YES;
				CLANG_ENABLE_OBJC_ARC = YES;
				CLANG_ENABLE_OBJC_WEAK = YES;
				CLANG_WARN_BLOCK_CAPTURE_AUTORELEASING = YES;
				CLANG_WARN_BOOL_CONVERSION = YES;
				CLANG_WARN_COMMA = YES;
				CLANG_WARN_CONSTANT_CONVERSION = YES;
				CLANG_WARN_DEPRECATED_OBJC_IMPLEMENTATIONS = YES;
				CLANG_WARN_DIRECT_OBJC_ISA_USAGE = YES_ERROR;
				CLANG_WARN_DOCUMENTATION_COMMENTS = YES;
				CLANG_WARN_EMPTY_BODY = YES;
				CLANG_WARN_ENUM_CONVERSION = YES;
				CLANG_WARN_INFINITE_RECURSION = YES;
				CLANG_WARN_INT_CONVERSION = YES;
				CLANG_WARN_NON_LITERAL_NULL_CONVERSION = YES;
				CLANG_WARN_OBJC_IMPLICIT_RETAIN_SELF = YES;
				CLANG_WARN_OBJC_LITERAL_CONVERSION = YES;
				CLANG_WARN_OBJC_ROOT_CLASS = YES_ERROR;
				CLANG_WARN_QUOTED_INCLUDE_IN_FRAMEWORK_HEADER = YES;
				CLANG_WARN_RANGE_LOOP_ANALYSIS = YES;
				CLANG_WARN_STRICT_PROTOTYPES = YES;
				CLANG_WARN_SUSPICIOUS_MOVE = YES;
				CLANG_WARN_UNGUARDED_AVAILABILITY = YES_AGGRESSIVE;
				CLANG_WARN_UNREACHABLE_CODE = YES;
				CLANG_WARN__DUPLICATE_METHOD_MATCH = YES;
				COPY_PHASE_STRIP = NO;
				DEBUG_INFORMATION_FORMAT = dwarf;
				ENABLE_STRICT_OBJC_MSGSEND = YES;
				ENABLE_TESTABILITY = YES;
				GCC_C_LANGUAGE_STANDARD = gnu11;
				GCC_DYNAMIC_NO_PIC = NO;
				GCC_NO_COMMON_BLOCKS = YES;
				GCC_OPTIMIZATION_LEVEL = 0;
				GCC_PREPROCESSOR_DEFINITIONS = (
					"DEBUG=1",
					"$(inherited)",
				);
				GCC_WARN_64_TO_32_BIT_CONVERSION = YES;
				GCC_WARN_ABOUT_RETURN_TYPE = YES_ERROR;
				GCC_WARN_UNDECLARED_SELECTOR = YES;
				GCC_WARN_UNINITIALIZED_AUTOS = YES_AGGRESSIVE;
				GCC_WARN_UNUSED_FUNCTION = YES;
				GCC_WARN_UNUSED_VARIABLE = YES;
				IPHONEOS_DEPLOYMENT_TARGET = 15.0;
				MTL_ENABLE_DEBUG_INFO = INCLUDE_SOURCE;
				MTL_FAST_MATH = YES;
				ONLY_ACTIVE_ARCH = YES;
				SDKROOT = iphoneos;
				SWIFT_ACTIVE_COMPILATION_CONDITIONS = DEBUG;
				SWIFT_OPTIMIZATION_LEVEL = "-Onone";
			};
			name = Debug;
		};
		7DF73E3C273AD07800284C37 /* Release */ = {
			isa = XCBuildConfiguration;
			buildSettings = {
				ALWAYS_SEARCH_USER_PATHS = NO;
				CLANG_ANALYZER_NONNULL = YES;
				CLANG_ANALYZER_NUMBER_OBJECT_CONVERSION = YES_AGGRESSIVE;
				CLANG_CXX_LANGUAGE_STANDARD = "gnu++17";
				CLANG_CXX_LIBRARY = "libc++";
				CLANG_ENABLE_MODULES = YES;
				CLANG_ENABLE_OBJC_ARC = YES;
				CLANG_ENABLE_OBJC_WEAK = YES;
				CLANG_WARN_BLOCK_CAPTURE_AUTORELEASING = YES;
				CLANG_WARN_BOOL_CONVERSION = YES;
				CLANG_WARN_COMMA = YES;
				CLANG_WARN_CONSTANT_CONVERSION = YES;
				CLANG_WARN_DEPRECATED_OBJC_IMPLEMENTATIONS = YES;
				CLANG_WARN_DIRECT_OBJC_ISA_USAGE = YES_ERROR;
				CLANG_WARN_DOCUMENTATION_COMMENTS = YES;
				CLANG_WARN_EMPTY_BODY = YES;
				CLANG_WARN_ENUM_CONVERSION = YES;
				CLANG_WARN_INFINITE_RECURSION = YES;
				CLANG_WARN_INT_CONVERSION = YES;
				CLANG_WARN_NON_LITERAL_NULL_CONVERSION = YES;
				CLANG_WARN_OBJC_IMPLICIT_RETAIN_SELF = YES;
				CLANG_WARN_OBJC_LITERAL_CONVERSION = YES;
				CLANG_WARN_OBJC_ROOT_CLASS = YES_ERROR;
				CLANG_WARN_QUOTED_INCLUDE_IN_FRAMEWORK_HEADER = YES;
				CLANG_WARN_RANGE_LOOP_ANALYSIS = YES;
				CLANG_WARN_STRICT_PROTOTYPES = YES;
				CLANG_WARN_SUSPICIOUS_MOVE = YES;
				CLANG_WARN_UNGUARDED_AVAILABILITY = YES_AGGRESSIVE;
				CLANG_WARN_UNREACHABLE_CODE = YES;
				CLANG_WARN__DUPLICATE_METHOD_MATCH = YES;
				COPY_PHASE_STRIP = NO;
				DEBUG_INFORMATION_FORMAT = "dwarf-with-dsym";
				ENABLE_NS_ASSERTIONS = NO;
				ENABLE_STRICT_OBJC_MSGSEND = YES;
				GCC_C_LANGUAGE_STANDARD = gnu11;
				GCC_NO_COMMON_BLOCKS = YES;
				GCC_WARN_64_TO_32_BIT_CONVERSION = YES;
				GCC_WARN_ABOUT_RETURN_TYPE = YES_ERROR;
				GCC_WARN_UNDECLARED_SELECTOR = YES;
				GCC_WARN_UNINITIALIZED_AUTOS = YES_AGGRESSIVE;
				GCC_WARN_UNUSED_FUNCTION = YES;
				GCC_WARN_UNUSED_VARIABLE = YES;
				IPHONEOS_DEPLOYMENT_TARGET = 15.0;
				MTL_ENABLE_DEBUG_INFO = NO;
				MTL_FAST_MATH = YES;
				SDKROOT = iphoneos;
				SWIFT_COMPILATION_MODE = wholemodule;
				SWIFT_OPTIMIZATION_LEVEL = "-O";
				VALIDATE_PRODUCT = YES;
			};
			name = Release;
		};
		7DF73E3E273AD07800284C37 /* Debug */ = {
			isa = XCBuildConfiguration;
			buildSettings = {
				ASSETCATALOG_COMPILER_APPICON_NAME = AppIcon;
				ASSETCATALOG_COMPILER_GLOBAL_ACCENT_COLOR_NAME = AccentColor;
				CODE_SIGN_STYLE = Automatic;
				CURRENT_PROJECT_VERSION = 1;
				GENERATE_INFOPLIST_FILE = YES;
				INFOPLIST_FILE = MusicWireFrame/Info.plist;
				INFOPLIST_KEY_UIApplicationSupportsIndirectInputEvents = YES;
				INFOPLIST_KEY_UILaunchStoryboardName = LaunchScreen;
				INFOPLIST_KEY_UIMainStoryboardFile = Main;
				INFOPLIST_KEY_UISupportedInterfaceOrientations_iPad = "UIInterfaceOrientationPortrait UIInterfaceOrientationPortraitUpsideDown UIInterfaceOrientationLandscapeLeft UIInterfaceOrientationLandscapeRight";
				INFOPLIST_KEY_UISupportedInterfaceOrientations_iPhone = "UIInterfaceOrientationPortrait UIInterfaceOrientationLandscapeLeft UIInterfaceOrientationLandscapeRight";
				LD_RUNPATH_SEARCH_PATHS = (
					"$(inherited)",
					"@executable_path/Frameworks",
				);
				MARKETING_VERSION = 1.0;
				PRODUCT_BUNDLE_IDENTIFIER = Sam.MusicWireFrame;
				PRODUCT_NAME = "$(TARGET_NAME)";
				SWIFT_EMIT_LOC_STRINGS = YES;
				SWIFT_VERSION = 5.0;
				TARGETED_DEVICE_FAMILY = "1,2";
			};
			name = Debug;
		};
		7DF73E3F273AD07800284C37 /* Release */ = {
			isa = XCBuildConfiguration;
			buildSettings = {
				ASSETCATALOG_COMPILER_APPICON_NAME = AppIcon;
				ASSETCATALOG_COMPILER_GLOBAL_ACCENT_COLOR_NAME = AccentColor;
				CODE_SIGN_STYLE = Automatic;
				CURRENT_PROJECT_VERSION = 1;
				GENERATE_INFOPLIST_FILE = YES;
				INFOPLIST_FILE = MusicWireFrame/Info.plist;
				INFOPLIST_KEY_UIApplicationSupportsIndirectInputEvents = YES;
				INFOPLIST_KEY_UILaunchStoryboardName = LaunchScreen;
				INFOPLIST_KEY_UIMainStoryboardFile = Main;
				INFOPLIST_KEY_UISupportedInterfaceOrientations_iPad = "UIInterfaceOrientationPortrait UIInterfaceOrientationPortraitUpsideDown UIInterfaceOrientationLandscapeLeft UIInterfaceOrientationLandscapeRight";
				INFOPLIST_KEY_UISupportedInterfaceOrientations_iPhone = "UIInterfaceOrientationPortrait UIInterfaceOrientationLandscapeLeft UIInterfaceOrientationLandscapeRight";
				LD_RUNPATH_SEARCH_PATHS = (
					"$(inherited)",
					"@executable_path/Frameworks",
				);
				MARKETING_VERSION = 1.0;
				PRODUCT_BUNDLE_IDENTIFIER = Sam.MusicWireFrame;
				PRODUCT_NAME = "$(TARGET_NAME)";
				SWIFT_EMIT_LOC_STRINGS = YES;
				SWIFT_VERSION = 5.0;
				TARGETED_DEVICE_FAMILY = "1,2";
			};
			name = Release;
		};
		7DF73E41273AD07800284C37 /* Debug */ = {
			isa = XCBuildConfiguration;
			buildSettings = {
				ALWAYS_EMBED_SWIFT_STANDARD_LIBRARIES = YES;
				BUNDLE_LOADER = "$(TEST_HOST)";
				CODE_SIGN_STYLE = Automatic;
				CURRENT_PROJECT_VERSION = 1;
				GENERATE_INFOPLIST_FILE = YES;
				IPHONEOS_DEPLOYMENT_TARGET = 15.0;
				LD_RUNPATH_SEARCH_PATHS = (
					"$(inherited)",
					"@executable_path/Frameworks",
					"@loader_path/Frameworks",
				);
				MARKETING_VERSION = 1.0;
				PRODUCT_BUNDLE_IDENTIFIER = Sam.MusicWireFrameTests;
				PRODUCT_NAME = "$(TARGET_NAME)";
				SWIFT_EMIT_LOC_STRINGS = NO;
				SWIFT_VERSION = 5.0;
				TARGETED_DEVICE_FAMILY = "1,2";
				TEST_HOST = "$(BUILT_PRODUCTS_DIR)/MusicWireFrame.app/MusicWireFrame";
			};
			name = Debug;
		};
		7DF73E42273AD07800284C37 /* Release */ = {
			isa = XCBuildConfiguration;
			buildSettings = {
				ALWAYS_EMBED_SWIFT_STANDARD_LIBRARIES = YES;
				BUNDLE_LOADER = "$(TEST_HOST)";
				CODE_SIGN_STYLE = Automatic;
				CURRENT_PROJECT_VERSION = 1;
				GENERATE_INFOPLIST_FILE = YES;
				IPHONEOS_DEPLOYMENT_TARGET = 15.0;
				LD_RUNPATH_SEARCH_PATHS = (
					"$(inherited)",
					"@executable_path/Frameworks",
					"@loader_path/Frameworks",
				);
				MARKETING_VERSION = 1.0;
				PRODUCT_BUNDLE_IDENTIFIER = Sam.MusicWireFrameTests;
				PRODUCT_NAME = "$(TARGET_NAME)";
				SWIFT_EMIT_LOC_STRINGS = NO;
				SWIFT_VERSION = 5.0;
				TARGETED_DEVICE_FAMILY = "1,2";
				TEST_HOST = "$(BUILT_PRODUCTS_DIR)/MusicWireFrame.app/MusicWireFrame";
			};
			name = Release;
		};
		7DF73E44273AD07800284C37 /* Debug */ = {
			isa = XCBuildConfiguration;
			buildSettings = {
				ALWAYS_EMBED_SWIFT_STANDARD_LIBRARIES = YES;
				CODE_SIGN_STYLE = Automatic;
				CURRENT_PROJECT_VERSION = 1;
				GENERATE_INFOPLIST_FILE = YES;
				LD_RUNPATH_SEARCH_PATHS = (
					"$(inherited)",
					"@executable_path/Frameworks",
					"@loader_path/Frameworks",
				);
				MARKETING_VERSION = 1.0;
				PRODUCT_BUNDLE_IDENTIFIER = Sam.MusicWireFrameUITests;
				PRODUCT_NAME = "$(TARGET_NAME)";
				SWIFT_EMIT_LOC_STRINGS = NO;
				SWIFT_VERSION = 5.0;
				TARGETED_DEVICE_FAMILY = "1,2";
				TEST_TARGET_NAME = MusicWireFrame;
			};
			name = Debug;
		};
		7DF73E45273AD07800284C37 /* Release */ = {
			isa = XCBuildConfiguration;
			buildSettings = {
				ALWAYS_EMBED_SWIFT_STANDARD_LIBRARIES = YES;
				CODE_SIGN_STYLE = Automatic;
				CURRENT_PROJECT_VERSION = 1;
				GENERATE_INFOPLIST_FILE = YES;
				LD_RUNPATH_SEARCH_PATHS = (
					"$(inherited)",
					"@executable_path/Frameworks",
					"@loader_path/Frameworks",
				);
				MARKETING_VERSION = 1.0;
				PRODUCT_BUNDLE_IDENTIFIER = Sam.MusicWireFrameUITests;
				PRODUCT_NAME = "$(TARGET_NAME)";
				SWIFT_EMIT_LOC_STRINGS = NO;
				SWIFT_VERSION = 5.0;
				TARGETED_DEVICE_FAMILY = "1,2";
				TEST_TARGET_NAME = MusicWireFrame;
			};
			name = Release;
		};
/* End XCBuildConfiguration section */

/* Begin XCConfigurationList section */
		7DF73E0E273AD07600284C37 /* Build configuration list for PBXProject "MusicWireFrame" */ = {
			isa = XCConfigurationList;
			buildConfigurations = (
				7DF73E3B273AD07800284C37 /* Debug */,
				7DF73E3C273AD07800284C37 /* Release */,
			);
			defaultConfigurationIsVisible = 0;
			defaultConfigurationName = Release;
		};
		7DF73E3D273AD07800284C37 /* Build configuration list for PBXNativeTarget "MusicWireFrame" */ = {
			isa = XCConfigurationList;
			buildConfigurations = (
				7DF73E3E273AD07800284C37 /* Debug */,
				7DF73E3F273AD07800284C37 /* Release */,
			);
			defaultConfigurationIsVisible = 0;
			defaultConfigurationName = Release;
		};
		7DF73E40273AD07800284C37 /* Build configuration list for PBXNativeTarget "MusicWireFrameTests" */ = {
			isa = XCConfigurationList;
			buildConfigurations = (
				7DF73E41273AD07800284C37 /* Debug */,
				7DF73E42273AD07800284C37 /* Release */,
			);
			defaultConfigurationIsVisible = 0;
			defaultConfigurationName = Release;
		};
		7DF73E43273AD07800284C37 /* Build configuration list for PBXNativeTarget "MusicWireFrameUITests" */ = {
			isa = XCConfigurationList;
			buildConfigurations = (
				7DF73E44273AD07800284C37 /* Debug */,
				7DF73E45273AD07800284C37 /* Release */,
			);
			defaultConfigurationIsVisible = 0;
			defaultConfigurationName = Release;
		};
/* End XCConfigurationList section */
	};
	rootObject = 7DF73E0B273AD07600284C37 /* Project object */;
}
